
PODS:
- AFNetworking (1.2.0)
- Bully (0.2.1):
  - Reachability
  - SocketRocket
- KIF (HEAD based on 0.0.1)
- Mixpanel (1.1.1)
- Reachability (3.1.0)
- SDWebImage (3.2):
  - SDWebImage/MapKit (= 3.2)
- SDWebImage/MapKit (3.2)
- SVProgressHUD (0.9)
- SocketRocket (0.2.0)
- TPKeyboardAvoiding (0.0.1)

DEPENDENCIES:
- AFNetworking
- Bully
- KIF (HEAD)
- Mixpanel
- SDWebImage
- SVProgressHUD
- TPKeyboardAvoiding

SPEC CHECKSUMS:
  AFNetworking: 3cbae45f61a9f995cdbd56bd571223910d7f4e44
  Bully: f56cd777c548ef2aa579856107818d98e36c49f9
  Mixpanel: 388e78ffe1c4878b65a86127b5dab70be36479ad
  Reachability: ba94ecd4eaa037be3d0588b38956672588530c5b
  SDWebImage: 8082fe8d658ccafaaecd9e5ecda12ed01f09ba9c
  SDWebImage/MapKit: 8082fe8d658ccafaaecd9e5ecda12ed01f09ba9c
  SVProgressHUD: 98935fbafaf0031df4a9cafca3c66eaf3da06967
  SocketRocket: bca43a94bd9aac3a629df42c06843402399ee67b
  TPKeyboardAvoiding: 7289409b17dc2193a3f324672283c542f17c1bb1
  KIF: 26ce47f3f37660ca9bb0b62f9545597e21eca3fc

COCOAPODS: 0.16.4
