// !$*UTF8*$!
{
	archiveVersion = 1;
	classes = {
	};
	objectVersion = 46;
	objects = {

/* Begin PBXBuildFile section */
		A5D05E1E51BB46D6999EDFA4 /* libPods.a in Frameworks */ = {isa = PBXBuildFile; fileRef = 25864A143C1F40E4BEDB06B2 /* libPods.a */; };
		E82EF79115E4A23400FA7E78 /* Icon-72.png in Resources */ = {isa = PBXBuildFile; fileRef = E82EF78715E4A23400FA7E78 /* Icon-72.png */; };
		E82EF79215E4A23400FA7E78 /* Icon-72@2x.png in Resources */ = {isa = PBXBuildFile; fileRef = E82EF78815E4A23400FA7E78 /* Icon-72@2x.png */; };
		E82EF79315E4A23400FA7E78 /* Icon-Small-50.png in Resources */ = {isa = PBXBuildFile; fileRef = E82EF78915E4A23400FA7E78 /* Icon-Small-50.png */; };
		E82EF79415E4A23400FA7E78 /* Icon-Small-50@2x.png in Resources */ = {isa = PBXBuildFile; fileRef = E82EF78A15E4A23400FA7E78 /* Icon-Small-50@2x.png */; };
		E82EF79515E4A23400FA7E78 /* Icon-Small.png in Resources */ = {isa = PBXBuildFile; fileRef = E82EF78B15E4A23400FA7E78 /* Icon-Small.png */; };
		E82EF79615E4A23400FA7E78 /* Icon-Small@2x.png in Resources */ = {isa = PBXBuildFile; fileRef = E82EF78C15E4A23400FA7E78 /* Icon-Small@2x.png */; };
		E82EF79715E4A23400FA7E78 /* Icon.png in Resources */ = {isa = PBXBuildFile; fileRef = E82EF78D15E4A23400FA7E78 /* Icon.png */; };
		E82EF79815E4A23400FA7E78 /* Icon@2x.png in Resources */ = {isa = PBXBuildFile; fileRef = E82EF78E15E4A23400FA7E78 /* Icon@2x.png */; };
		E82EF79915E4A23400FA7E78 /* iTunesArtwork.png in Resources */ = {isa = PBXBuildFile; fileRef = E82EF78F15E4A23400FA7E78 /* iTunesArtwork.png */; };
		E82EF79A15E4A23400FA7E78 /* iTunesArtwork@2x.png in Resources */ = {isa = PBXBuildFile; fileRef = E82EF79015E4A23400FA7E78 /* iTunesArtwork@2x.png */; };
		E842CBFF15E66C9600B40B33 /* SOHTTPClient.m in Sources */ = {isa = PBXBuildFile; fileRef = E842CBFE15E66C9600B40B33 /* SOHTTPClient.m */; };
		E842CC1C15E6876B00B40B33 /* SODefines.m in Sources */ = {isa = PBXBuildFile; fileRef = E842CC1B15E6876B00B40B33 /* SODefines.m */; };
		E865EEBA15E48B920063007F /* favourites.png in Resources */ = {isa = PBXBuildFile; fileRef = E865EE9D15E48B920063007F /* favourites.png */; };
		E865EEBB15E48B920063007F /* home.png in Resources */ = {isa = PBXBuildFile; fileRef = E865EE9E15E48B920063007F /* home.png */; };
		E865EEBC15E48B920063007F /* map.png in Resources */ = {isa = PBXBuildFile; fileRef = E865EE9F15E48B920063007F /* map.png */; };
		E865EEBD15E48B920063007F /* my_profile.png in Resources */ = {isa = PBXBuildFile; fileRef = E865EEA015E48B920063007F /* my_profile.png */; };
		E865EEBE15E48B920063007F /* my_profile_edit.png in Resources */ = {isa = PBXBuildFile; fileRef = E865EEA115E48B920063007F /* my_profile_edit.png */; };
		E865EEBF15E48B920063007F /* my_profile_edit2.png in Resources */ = {isa = PBXBuildFile; fileRef = E865EEA215E48B920063007F /* my_profile_edit2.png */; };
		E865EEC015E48B920063007F /* playground.png in Resources */ = {isa = PBXBuildFile; fileRef = E865EEA315E48B920063007F /* playground.png */; };
		E865EEC115E48B920063007F /* profile.png in Resources */ = {isa = PBXBuildFile; fileRef = E865EEA415E48B920063007F /* profile.png */; };
		E865EEC215E48B920063007F /* session.png in Resources */ = {isa = PBXBuildFile; fileRef = E865EEA515E48B920063007F /* session.png */; };
		E865EEC315E48B920063007F /* session2.png in Resources */ = {isa = PBXBuildFile; fileRef = E865EEA615E48B920063007F /* session2.png */; };
		E865EEC415E48B920063007F /* session_chat.png in Resources */ = {isa = PBXBuildFile; fileRef = E865EEA715E48B920063007F /* session_chat.png */; };
		E865EEC515E48B920063007F /* sessions.png in Resources */ = {isa = PBXBuildFile; fileRef = E865EEA815E48B920063007F /* sessions.png */; };
		E865EEC615E48B920063007F /* speaker.png in Resources */ = {isa = PBXBuildFile; fileRef = E865EEA915E48B920063007F /* speaker.png */; };
		E865EEC715E48B920063007F /* speakers.png in Resources */ = {isa = PBXBuildFile; fileRef = E865EEAA15E48B920063007F /* speakers.png */; };
		E865EEC815E48B920063007F /* favourites@2x.png in Resources */ = {isa = PBXBuildFile; fileRef = E865EEAC15E48B920063007F /* favourites@2x.png */; };
		E865EEC915E48B920063007F /* home@2x.png in Resources */ = {isa = PBXBuildFile; fileRef = E865EEAD15E48B920063007F /* home@2x.png */; };
		E865EECA15E48B920063007F /* map@2x.png in Resources */ = {isa = PBXBuildFile; fileRef = E865EEAE15E48B920063007F /* map@2x.png */; };
		E865EECB15E48B920063007F /* my_profile@2x.png in Resources */ = {isa = PBXBuildFile; fileRef = E865EEAF15E48B920063007F /* my_profile@2x.png */; };
		E865EECC15E48B920063007F /* my_profile_edit2@2x.png in Resources */ = {isa = PBXBuildFile; fileRef = E865EEB015E48B920063007F /* my_profile_edit2@2x.png */; };
		E865EECD15E48B920063007F /* my_profile_edit@2x.png in Resources */ = {isa = PBXBuildFile; fileRef = E865EEB115E48B920063007F /* my_profile_edit@2x.png */; };
		E865EECE15E48B920063007F /* playground@2x.png in Resources */ = {isa = PBXBuildFile; fileRef = E865EEB215E48B920063007F /* playground@2x.png */; };
		E865EECF15E48B920063007F /* profile@2x.png in Resources */ = {isa = PBXBuildFile; fileRef = E865EEB315E48B920063007F /* profile@2x.png */; };
		E865EED015E48B920063007F /* session2@2x.png in Resources */ = {isa = PBXBuildFile; fileRef = E865EEB415E48B920063007F /* session2@2x.png */; };
		E865EED115E48B920063007F /* session@2x.png in Resources */ = {isa = PBXBuildFile; fileRef = E865EEB515E48B920063007F /* session@2x.png */; };
		E865EED215E48B920063007F /* session_chat@2x.png in Resources */ = {isa = PBXBuildFile; fileRef = E865EEB615E48B920063007F /* session_chat@2x.png */; };
		E865EED315E48B920063007F /* sessions@2x.png in Resources */ = {isa = PBXBuildFile; fileRef = E865EEB715E48B920063007F /* sessions@2x.png */; };
		E865EED415E48B920063007F /* speaker@2x.png in Resources */ = {isa = PBXBuildFile; fileRef = E865EEB815E48B920063007F /* speaker@2x.png */; };
		E865EED515E48B920063007F /* speakers@2x.png in Resources */ = {isa = PBXBuildFile; fileRef = E865EEB915E48B920063007F /* speakers@2x.png */; };
		E865EEE615E492C10063007F /* SOSessionViewController.m in Sources */ = {isa = PBXBuildFile; fileRef = E865EEE415E492C10063007F /* SOSessionViewController.m */; };
		E865EEE715E492C10063007F /* SOSessionViewController.xib in Resources */ = {isa = PBXBuildFile; fileRef = E865EEE515E492C10063007F /* SOSessionViewController.xib */; };
		E865EEEB15E492D70063007F /* SOSessionListViewController.m in Sources */ = {isa = PBXBuildFile; fileRef = E865EEE915E492D70063007F /* SOSessionListViewController.m */; };
		E865EEEC15E492D70063007F /* SOSessionListViewController.xib in Resources */ = {isa = PBXBuildFile; fileRef = E865EEEA15E492D70063007F /* SOSessionListViewController.xib */; };
		E865EEF015E492E10063007F /* SOSpeakerListViewController.m in Sources */ = {isa = PBXBuildFile; fileRef = E865EEEE15E492E10063007F /* SOSpeakerListViewController.m */; };
		E865EEF115E492E10063007F /* SOSpeakerListViewController.xib in Resources */ = {isa = PBXBuildFile; fileRef = E865EEEF15E492E10063007F /* SOSpeakerListViewController.xib */; };
		E865EEF515E492E80063007F /* SOSpeakerViewController.m in Sources */ = {isa = PBXBuildFile; fileRef = E865EEF315E492E80063007F /* SOSpeakerViewController.m */; };
		E865EEF615E492E80063007F /* SOSpeakerViewController.xib in Resources */ = {isa = PBXBuildFile; fileRef = E865EEF415E492E80063007F /* SOSpeakerViewController.xib */; };
		E865EEFA15E492F10063007F /* SOFavoritesViewController.m in Sources */ = {isa = PBXBuildFile; fileRef = E865EEF815E492F10063007F /* SOFavoritesViewController.m */; };
		E865EEFB15E492F10063007F /* SOFavoritesViewController.xib in Resources */ = {isa = PBXBuildFile; fileRef = E865EEF915E492F10063007F /* SOFavoritesViewController.xib */; };
		E865EEFF15E492F70063007F /* SOProfileViewController.m in Sources */ = {isa = PBXBuildFile; fileRef = E865EEFD15E492F70063007F /* SOProfileViewController.m */; };
		E865EF0015E492F70063007F /* SOProfileViewController.xib in Resources */ = {isa = PBXBuildFile; fileRef = E865EEFE15E492F70063007F /* SOProfileViewController.xib */; };
		E865EF0415E492FF0063007F /* SOChatViewController.m in Sources */ = {isa = PBXBuildFile; fileRef = E865EF0215E492FF0063007F /* SOChatViewController.m */; };
		E865EF0515E492FF0063007F /* SOChatViewController.xib in Resources */ = {isa = PBXBuildFile; fileRef = E865EF0315E492FF0063007F /* SOChatViewController.xib */; };
		E865EF0915E493070063007F /* SOMapViewController.m in Sources */ = {isa = PBXBuildFile; fileRef = E865EF0715E493070063007F /* SOMapViewController.m */; };
		E865EF0A15E493070063007F /* SOMapViewController.xib in Resources */ = {isa = PBXBuildFile; fileRef = E865EF0815E493070063007F /* SOMapViewController.xib */; };
		E865EF0E15E4930E0063007F /* SOPlaygroundViewController.m in Sources */ = {isa = PBXBuildFile; fileRef = E865EF0C15E4930E0063007F /* SOPlaygroundViewController.m */; };
		E865EF0F15E4930E0063007F /* SOPlaygroundViewController.xib in Resources */ = {isa = PBXBuildFile; fileRef = E865EF0D15E4930E0063007F /* SOPlaygroundViewController.xib */; };
		E88037BD15E7277C00B591CC /* MapKit.framework in Frameworks */ = {isa = PBXBuildFile; fileRef = E88037BC15E7277C00B591CC /* MapKit.framework */; };
		E88037D815E7400400B591CC /* CoreLocation.framework in Frameworks */ = {isa = PBXBuildFile; fileRef = E88037D715E7400400B591CC /* CoreLocation.framework */; };
		E88037DB15E798CE00B591CC /* map_marker.png in Resources */ = {isa = PBXBuildFile; fileRef = E88037D915E798CE00B591CC /* map_marker.png */; };
		E88037DC15E798CE00B591CC /* map_marker@2x.png in Resources */ = {isa = PBXBuildFile; fileRef = E88037DA15E798CE00B591CC /* map_marker@2x.png */; };
		E880382D15E7BB8800B591CC /* SOLocationAnnotation.m in Sources */ = {isa = PBXBuildFile; fileRef = E880382515E7BB8800B591CC /* SOLocationAnnotation.m */; };
		E880382E15E7BB8800B591CC /* SOLocationView.m in Sources */ = {isa = PBXBuildFile; fileRef = E880382715E7BB8800B591CC /* SOLocationView.m */; };
		E8A4FFBA15E4377F00D10907 /* UIKit.framework in Frameworks */ = {isa = PBXBuildFile; fileRef = E8A4FFB915E4377F00D10907 /* UIKit.framework */; };
		E8A4FFBC15E4377F00D10907 /* Foundation.framework in Frameworks */ = {isa = PBXBuildFile; fileRef = E8A4FFBB15E4377F00D10907 /* Foundation.framework */; };
		E8A4FFBE15E4377F00D10907 /* CoreGraphics.framework in Frameworks */ = {isa = PBXBuildFile; fileRef = E8A4FFBD15E4377F00D10907 /* CoreGraphics.framework */; };
		E8A4FFC415E4377F00D10907 /* InfoPlist.strings in Resources */ = {isa = PBXBuildFile; fileRef = E8A4FFC215E4377F00D10907 /* InfoPlist.strings */; };
		E8A4FFC615E4377F00D10907 /* main.m in Sources */ = {isa = PBXBuildFile; fileRef = E8A4FFC515E4377F00D10907 /* main.m */; };
		E8A4FFCA15E4377F00D10907 /* SOAppDelegate.m in Sources */ = {isa = PBXBuildFile; fileRef = E8A4FFC915E4377F00D10907 /* SOAppDelegate.m */; };
		E8A4FFCD15E4377F00D10907 /* SOHomeViewController.m in Sources */ = {isa = PBXBuildFile; fileRef = E8A4FFCC15E4377F00D10907 /* SOHomeViewController.m */; };
		E8A4FFD015E4377F00D10907 /* SOHomeViewController.xib in Resources */ = {isa = PBXBuildFile; fileRef = E8A4FFCE15E4377F00D10907 /* SOHomeViewController.xib */; };
		E8A4FFD815E4377F00D10907 /* SenTestingKit.framework in Frameworks */ = {isa = PBXBuildFile; fileRef = E8A4FFD715E4377F00D10907 /* SenTestingKit.framework */; };
		E8A4FFD915E4377F00D10907 /* UIKit.framework in Frameworks */ = {isa = PBXBuildFile; fileRef = E8A4FFB915E4377F00D10907 /* UIKit.framework */; };
		E8A4FFDA15E4377F00D10907 /* Foundation.framework in Frameworks */ = {isa = PBXBuildFile; fileRef = E8A4FFBB15E4377F00D10907 /* Foundation.framework */; };
		E8A4FFE215E4377F00D10907 /* InfoPlist.strings in Resources */ = {isa = PBXBuildFile; fileRef = E8A4FFE015E4377F00D10907 /* InfoPlist.strings */; };
		E8A4FFE515E4377F00D10907 /* ScalaOneTests.m in Sources */ = {isa = PBXBuildFile; fileRef = E8A4FFE415E4377F00D10907 /* ScalaOneTests.m */; };
		E8E4623B15E6D7F100908C6A /* SOChatMessage.m in Sources */ = {isa = PBXBuildFile; fileRef = E8E4623A15E6D7F100908C6A /* SOChatMessage.m */; };
		E8E4624115E6E59F00908C6A /* SOChatCell.m in Sources */ = {isa = PBXBuildFile; fileRef = E8E4624015E6E59F00908C6A /* SOChatCell.m */; };
/* End PBXBuildFile section */

/* Begin PBXContainerItemProxy section */
		E8A4FFDB15E4377F00D10907 /* PBXContainerItemProxy */ = {
			isa = PBXContainerItemProxy;
			containerPortal = E8A4FFAC15E4377F00D10907 /* Project object */;
			proxyType = 1;
			remoteGlobalIDString = E8A4FFB415E4377F00D10907;
			remoteInfo = ScalaOne;
		};
/* End PBXContainerItemProxy section */

/* Begin PBXFileReference section */
		25864A143C1F40E4BEDB06B2 /* libPods.a */ = {isa = PBXFileReference; explicitFileType = archive.ar; includeInIndex = 0; path = libPods.a; sourceTree = BUILT_PRODUCTS_DIR; };
		2F4E18102E17471FBED4DC43 /* Pods.xcconfig */ = {isa = PBXFileReference; includeInIndex = 1; lastKnownFileType = text.xcconfig; name = Pods.xcconfig; path = Pods/Pods.xcconfig; sourceTree = SOURCE_ROOT; };
		E82EF78715E4A23400FA7E78 /* Icon-72.png */ = {isa = PBXFileReference; lastKnownFileType = image.png; path = "Icon-72.png"; sourceTree = "<group>"; };
		E82EF78815E4A23400FA7E78 /* Icon-72@2x.png */ = {isa = PBXFileReference; lastKnownFileType = image.png; path = "Icon-72@2x.png"; sourceTree = "<group>"; };
		E82EF78915E4A23400FA7E78 /* Icon-Small-50.png */ = {isa = PBXFileReference; lastKnownFileType = image.png; path = "Icon-Small-50.png"; sourceTree = "<group>"; };
		E82EF78A15E4A23400FA7E78 /* Icon-Small-50@2x.png */ = {isa = PBXFileReference; lastKnownFileType = image.png; path = "Icon-Small-50@2x.png"; sourceTree = "<group>"; };
		E82EF78B15E4A23400FA7E78 /* Icon-Small.png */ = {isa = PBXFileReference; lastKnownFileType = image.png; path = "Icon-Small.png"; sourceTree = "<group>"; };
		E82EF78C15E4A23400FA7E78 /* Icon-Small@2x.png */ = {isa = PBXFileReference; lastKnownFileType = image.png; path = "Icon-Small@2x.png"; sourceTree = "<group>"; };
		E82EF78D15E4A23400FA7E78 /* Icon.png */ = {isa = PBXFileReference; lastKnownFileType = image.png; path = Icon.png; sourceTree = "<group>"; };
		E82EF78E15E4A23400FA7E78 /* Icon@2x.png */ = {isa = PBXFileReference; lastKnownFileType = image.png; path = "Icon@2x.png"; sourceTree = "<group>"; };
		E82EF78F15E4A23400FA7E78 /* iTunesArtwork.png */ = {isa = PBXFileReference; lastKnownFileType = image.png; path = iTunesArtwork.png; sourceTree = "<group>"; };
		E82EF79015E4A23400FA7E78 /* iTunesArtwork@2x.png */ = {isa = PBXFileReference; lastKnownFileType = image.png; path = "iTunesArtwork@2x.png"; sourceTree = "<group>"; };
		E842CBFD15E66C9600B40B33 /* SOHTTPClient.h */ = {isa = PBXFileReference; fileEncoding = 4; lastKnownFileType = sourcecode.c.h; path = SOHTTPClient.h; sourceTree = "<group>"; };
		E842CBFE15E66C9600B40B33 /* SOHTTPClient.m */ = {isa = PBXFileReference; fileEncoding = 4; lastKnownFileType = sourcecode.c.objc; path = SOHTTPClient.m; sourceTree = "<group>"; };
		E842CC1A15E6876B00B40B33 /* SODefines.h */ = {isa = PBXFileReference; fileEncoding = 4; lastKnownFileType = sourcecode.c.h; path = SODefines.h; sourceTree = "<group>"; };
		E842CC1B15E6876B00B40B33 /* SODefines.m */ = {isa = PBXFileReference; fileEncoding = 4; lastKnownFileType = sourcecode.c.objc; path = SODefines.m; sourceTree = "<group>"; };
		E865EE9D15E48B920063007F /* favourites.png */ = {isa = PBXFileReference; lastKnownFileType = image.png; path = favourites.png; sourceTree = "<group>"; };
		E865EE9E15E48B920063007F /* home.png */ = {isa = PBXFileReference; lastKnownFileType = image.png; path = home.png; sourceTree = "<group>"; };
		E865EE9F15E48B920063007F /* map.png */ = {isa = PBXFileReference; lastKnownFileType = image.png; path = map.png; sourceTree = "<group>"; };
		E865EEA015E48B920063007F /* my_profile.png */ = {isa = PBXFileReference; lastKnownFileType = image.png; path = my_profile.png; sourceTree = "<group>"; };
		E865EEA115E48B920063007F /* my_profile_edit.png */ = {isa = PBXFileReference; lastKnownFileType = image.png; path = my_profile_edit.png; sourceTree = "<group>"; };
		E865EEA215E48B920063007F /* my_profile_edit2.png */ = {isa = PBXFileReference; lastKnownFileType = image.png; path = my_profile_edit2.png; sourceTree = "<group>"; };
		E865EEA315E48B920063007F /* playground.png */ = {isa = PBXFileReference; lastKnownFileType = image.png; path = playground.png; sourceTree = "<group>"; };
		E865EEA415E48B920063007F /* profile.png */ = {isa = PBXFileReference; lastKnownFileType = image.png; path = profile.png; sourceTree = "<group>"; };
		E865EEA515E48B920063007F /* session.png */ = {isa = PBXFileReference; lastKnownFileType = image.png; path = session.png; sourceTree = "<group>"; };
		E865EEA615E48B920063007F /* session2.png */ = {isa = PBXFileReference; lastKnownFileType = image.png; path = session2.png; sourceTree = "<group>"; };
		E865EEA715E48B920063007F /* session_chat.png */ = {isa = PBXFileReference; lastKnownFileType = image.png; path = session_chat.png; sourceTree = "<group>"; };
		E865EEA815E48B920063007F /* sessions.png */ = {isa = PBXFileReference; lastKnownFileType = image.png; path = sessions.png; sourceTree = "<group>"; };
		E865EEA915E48B920063007F /* speaker.png */ = {isa = PBXFileReference; lastKnownFileType = image.png; path = speaker.png; sourceTree = "<group>"; };
		E865EEAA15E48B920063007F /* speakers.png */ = {isa = PBXFileReference; lastKnownFileType = image.png; path = speakers.png; sourceTree = "<group>"; };
		E865EEAC15E48B920063007F /* favourites@2x.png */ = {isa = PBXFileReference; lastKnownFileType = image.png; path = "favourites@2x.png"; sourceTree = "<group>"; };
		E865EEAD15E48B920063007F /* home@2x.png */ = {isa = PBXFileReference; lastKnownFileType = image.png; path = "home@2x.png"; sourceTree = "<group>"; };
		E865EEAE15E48B920063007F /* map@2x.png */ = {isa = PBXFileReference; lastKnownFileType = image.png; path = "map@2x.png"; sourceTree = "<group>"; };
		E865EEAF15E48B920063007F /* my_profile@2x.png */ = {isa = PBXFileReference; lastKnownFileType = image.png; path = "my_profile@2x.png"; sourceTree = "<group>"; };
		E865EEB015E48B920063007F /* my_profile_edit2@2x.png */ = {isa = PBXFileReference; lastKnownFileType = image.png; path = "my_profile_edit2@2x.png"; sourceTree = "<group>"; };
		E865EEB115E48B920063007F /* my_profile_edit@2x.png */ = {isa = PBXFileReference; lastKnownFileType = image.png; path = "my_profile_edit@2x.png"; sourceTree = "<group>"; };
		E865EEB215E48B920063007F /* playground@2x.png */ = {isa = PBXFileReference; lastKnownFileType = image.png; path = "playground@2x.png"; sourceTree = "<group>"; };
		E865EEB315E48B920063007F /* profile@2x.png */ = {isa = PBXFileReference; lastKnownFileType = image.png; path = "profile@2x.png"; sourceTree = "<group>"; };
		E865EEB415E48B920063007F /* session2@2x.png */ = {isa = PBXFileReference; lastKnownFileType = image.png; path = "session2@2x.png"; sourceTree = "<group>"; };
		E865EEB515E48B920063007F /* session@2x.png */ = {isa = PBXFileReference; lastKnownFileType = image.png; path = "session@2x.png"; sourceTree = "<group>"; };
		E865EEB615E48B920063007F /* session_chat@2x.png */ = {isa = PBXFileReference; lastKnownFileType = image.png; path = "session_chat@2x.png"; sourceTree = "<group>"; };
		E865EEB715E48B920063007F /* sessions@2x.png */ = {isa = PBXFileReference; lastKnownFileType = image.png; path = "sessions@2x.png"; sourceTree = "<group>"; };
		E865EEB815E48B920063007F /* speaker@2x.png */ = {isa = PBXFileReference; lastKnownFileType = image.png; path = "speaker@2x.png"; sourceTree = "<group>"; };
		E865EEB915E48B920063007F /* speakers@2x.png */ = {isa = PBXFileReference; lastKnownFileType = image.png; path = "speakers@2x.png"; sourceTree = "<group>"; };
		E865EEE315E492C10063007F /* SOSessionViewController.h */ = {isa = PBXFileReference; fileEncoding = 4; lastKnownFileType = sourcecode.c.h; path = SOSessionViewController.h; sourceTree = "<group>"; };
		E865EEE415E492C10063007F /* SOSessionViewController.m */ = {isa = PBXFileReference; fileEncoding = 4; lastKnownFileType = sourcecode.c.objc; path = SOSessionViewController.m; sourceTree = "<group>"; };
		E865EEE515E492C10063007F /* SOSessionViewController.xib */ = {isa = PBXFileReference; fileEncoding = 4; lastKnownFileType = file.xib; path = SOSessionViewController.xib; sourceTree = "<group>"; };
		E865EEE815E492D70063007F /* SOSessionListViewController.h */ = {isa = PBXFileReference; fileEncoding = 4; lastKnownFileType = sourcecode.c.h; path = SOSessionListViewController.h; sourceTree = "<group>"; };
		E865EEE915E492D70063007F /* SOSessionListViewController.m */ = {isa = PBXFileReference; fileEncoding = 4; lastKnownFileType = sourcecode.c.objc; path = SOSessionListViewController.m; sourceTree = "<group>"; };
		E865EEEA15E492D70063007F /* SOSessionListViewController.xib */ = {isa = PBXFileReference; fileEncoding = 4; lastKnownFileType = file.xib; path = SOSessionListViewController.xib; sourceTree = "<group>"; };
		E865EEED15E492E10063007F /* SOSpeakerListViewController.h */ = {isa = PBXFileReference; fileEncoding = 4; lastKnownFileType = sourcecode.c.h; path = SOSpeakerListViewController.h; sourceTree = "<group>"; };
		E865EEEE15E492E10063007F /* SOSpeakerListViewController.m */ = {isa = PBXFileReference; fileEncoding = 4; lastKnownFileType = sourcecode.c.objc; path = SOSpeakerListViewController.m; sourceTree = "<group>"; };
		E865EEEF15E492E10063007F /* SOSpeakerListViewController.xib */ = {isa = PBXFileReference; fileEncoding = 4; lastKnownFileType = file.xib; path = SOSpeakerListViewController.xib; sourceTree = "<group>"; };
		E865EEF215E492E80063007F /* SOSpeakerViewController.h */ = {isa = PBXFileReference; fileEncoding = 4; lastKnownFileType = sourcecode.c.h; path = SOSpeakerViewController.h; sourceTree = "<group>"; };
		E865EEF315E492E80063007F /* SOSpeakerViewController.m */ = {isa = PBXFileReference; fileEncoding = 4; lastKnownFileType = sourcecode.c.objc; path = SOSpeakerViewController.m; sourceTree = "<group>"; };
		E865EEF415E492E80063007F /* SOSpeakerViewController.xib */ = {isa = PBXFileReference; fileEncoding = 4; lastKnownFileType = file.xib; path = SOSpeakerViewController.xib; sourceTree = "<group>"; };
		E865EEF715E492F10063007F /* SOFavoritesViewController.h */ = {isa = PBXFileReference; fileEncoding = 4; lastKnownFileType = sourcecode.c.h; path = SOFavoritesViewController.h; sourceTree = "<group>"; };
		E865EEF815E492F10063007F /* SOFavoritesViewController.m */ = {isa = PBXFileReference; fileEncoding = 4; lastKnownFileType = sourcecode.c.objc; path = SOFavoritesViewController.m; sourceTree = "<group>"; };
		E865EEF915E492F10063007F /* SOFavoritesViewController.xib */ = {isa = PBXFileReference; fileEncoding = 4; lastKnownFileType = file.xib; path = SOFavoritesViewController.xib; sourceTree = "<group>"; };
		E865EEFC15E492F70063007F /* SOProfileViewController.h */ = {isa = PBXFileReference; fileEncoding = 4; lastKnownFileType = sourcecode.c.h; path = SOProfileViewController.h; sourceTree = "<group>"; };
		E865EEFD15E492F70063007F /* SOProfileViewController.m */ = {isa = PBXFileReference; fileEncoding = 4; lastKnownFileType = sourcecode.c.objc; path = SOProfileViewController.m; sourceTree = "<group>"; };
		E865EEFE15E492F70063007F /* SOProfileViewController.xib */ = {isa = PBXFileReference; fileEncoding = 4; lastKnownFileType = file.xib; path = SOProfileViewController.xib; sourceTree = "<group>"; };
		E865EF0115E492FF0063007F /* SOChatViewController.h */ = {isa = PBXFileReference; fileEncoding = 4; lastKnownFileType = sourcecode.c.h; path = SOChatViewController.h; sourceTree = "<group>"; };
		E865EF0215E492FF0063007F /* SOChatViewController.m */ = {isa = PBXFileReference; fileEncoding = 4; lastKnownFileType = sourcecode.c.objc; path = SOChatViewController.m; sourceTree = "<group>"; };
		E865EF0315E492FF0063007F /* SOChatViewController.xib */ = {isa = PBXFileReference; fileEncoding = 4; lastKnownFileType = file.xib; path = SOChatViewController.xib; sourceTree = "<group>"; };
		E865EF0615E493070063007F /* SOMapViewController.h */ = {isa = PBXFileReference; fileEncoding = 4; lastKnownFileType = sourcecode.c.h; path = SOMapViewController.h; sourceTree = "<group>"; };
		E865EF0715E493070063007F /* SOMapViewController.m */ = {isa = PBXFileReference; fileEncoding = 4; lastKnownFileType = sourcecode.c.objc; path = SOMapViewController.m; sourceTree = "<group>"; };
		E865EF0815E493070063007F /* SOMapViewController.xib */ = {isa = PBXFileReference; fileEncoding = 4; lastKnownFileType = file.xib; path = SOMapViewController.xib; sourceTree = "<group>"; };
		E865EF0B15E4930E0063007F /* SOPlaygroundViewController.h */ = {isa = PBXFileReference; fileEncoding = 4; lastKnownFileType = sourcecode.c.h; path = SOPlaygroundViewController.h; sourceTree = "<group>"; };
		E865EF0C15E4930E0063007F /* SOPlaygroundViewController.m */ = {isa = PBXFileReference; fileEncoding = 4; lastKnownFileType = sourcecode.c.objc; path = SOPlaygroundViewController.m; sourceTree = "<group>"; };
		E865EF0D15E4930E0063007F /* SOPlaygroundViewController.xib */ = {isa = PBXFileReference; fileEncoding = 4; lastKnownFileType = file.xib; path = SOPlaygroundViewController.xib; sourceTree = "<group>"; };
		E88037BC15E7277C00B591CC /* MapKit.framework */ = {isa = PBXFileReference; lastKnownFileType = wrapper.framework; name = MapKit.framework; path = System/Library/Frameworks/MapKit.framework; sourceTree = SDKROOT; };
		E88037D715E7400400B591CC /* CoreLocation.framework */ = {isa = PBXFileReference; lastKnownFileType = wrapper.framework; name = CoreLocation.framework; path = System/Library/Frameworks/CoreLocation.framework; sourceTree = SDKROOT; };
		E88037D915E798CE00B591CC /* map_marker.png */ = {isa = PBXFileReference; lastKnownFileType = image.png; path = map_marker.png; sourceTree = "<group>"; };
		E88037DA15E798CE00B591CC /* map_marker@2x.png */ = {isa = PBXFileReference; lastKnownFileType = image.png; path = "map_marker@2x.png"; sourceTree = "<group>"; };
		E880382415E7BB8800B591CC /* SOLocationAnnotation.h */ = {isa = PBXFileReference; fileEncoding = 4; lastKnownFileType = sourcecode.c.h; path = SOLocationAnnotation.h; sourceTree = "<group>"; };
		E880382515E7BB8800B591CC /* SOLocationAnnotation.m */ = {isa = PBXFileReference; fileEncoding = 4; lastKnownFileType = sourcecode.c.objc; path = SOLocationAnnotation.m; sourceTree = "<group>"; };
		E880382615E7BB8800B591CC /* SOLocationView.h */ = {isa = PBXFileReference; fileEncoding = 4; lastKnownFileType = sourcecode.c.h; path = SOLocationView.h; sourceTree = "<group>"; };
		E880382715E7BB8800B591CC /* SOLocationView.m */ = {isa = PBXFileReference; fileEncoding = 4; lastKnownFileType = sourcecode.c.objc; path = SOLocationView.m; sourceTree = "<group>"; };
		E880382815E7BB8800B591CC /* SOLocationProtocols.h */ = {isa = PBXFileReference; fileEncoding = 4; lastKnownFileType = sourcecode.c.h; path = SOLocationProtocols.h; sourceTree = "<group>"; };
		E8A4FFB515E4377F00D10907 /* ScalaOne.app */ = {isa = PBXFileReference; explicitFileType = wrapper.application; includeInIndex = 0; path = ScalaOne.app; sourceTree = BUILT_PRODUCTS_DIR; };
		E8A4FFB915E4377F00D10907 /* UIKit.framework */ = {isa = PBXFileReference; includeInIndex = 1; lastKnownFileType = wrapper.framework; name = UIKit.framework; path = System/Library/Frameworks/UIKit.framework; sourceTree = SDKROOT; };
		E8A4FFBB15E4377F00D10907 /* Foundation.framework */ = {isa = PBXFileReference; includeInIndex = 1; lastKnownFileType = wrapper.framework; name = Foundation.framework; path = System/Library/Frameworks/Foundation.framework; sourceTree = SDKROOT; };
		E8A4FFBD15E4377F00D10907 /* CoreGraphics.framework */ = {isa = PBXFileReference; includeInIndex = 1; lastKnownFileType = wrapper.framework; name = CoreGraphics.framework; path = System/Library/Frameworks/CoreGraphics.framework; sourceTree = SDKROOT; };
		E8A4FFC115E4377F00D10907 /* ScalaOne-Info.plist */ = {isa = PBXFileReference; lastKnownFileType = text.plist.xml; path = "ScalaOne-Info.plist"; sourceTree = "<group>"; };
		E8A4FFC315E4377F00D10907 /* en */ = {isa = PBXFileReference; lastKnownFileType = text.plist.strings; name = en; path = en.lproj/InfoPlist.strings; sourceTree = "<group>"; };
		E8A4FFC515E4377F00D10907 /* main.m */ = {isa = PBXFileReference; lastKnownFileType = sourcecode.c.objc; path = main.m; sourceTree = "<group>"; };
		E8A4FFC715E4377F00D10907 /* ScalaOne-Prefix.pch */ = {isa = PBXFileReference; lastKnownFileType = sourcecode.c.h; path = "ScalaOne-Prefix.pch"; sourceTree = "<group>"; };
		E8A4FFC815E4377F00D10907 /* SOAppDelegate.h */ = {isa = PBXFileReference; lastKnownFileType = sourcecode.c.h; path = SOAppDelegate.h; sourceTree = "<group>"; };
		E8A4FFC915E4377F00D10907 /* SOAppDelegate.m */ = {isa = PBXFileReference; lastKnownFileType = sourcecode.c.objc; path = SOAppDelegate.m; sourceTree = "<group>"; };
		E8A4FFCB15E4377F00D10907 /* SOHomeViewController.h */ = {isa = PBXFileReference; lastKnownFileType = sourcecode.c.h; path = SOHomeViewController.h; sourceTree = "<group>"; };
		E8A4FFCC15E4377F00D10907 /* SOHomeViewController.m */ = {isa = PBXFileReference; lastKnownFileType = sourcecode.c.objc; path = SOHomeViewController.m; sourceTree = "<group>"; };
		E8A4FFCF15E4377F00D10907 /* en */ = {isa = PBXFileReference; lastKnownFileType = file.xib; name = en; path = en.lproj/SOHomeViewController.xib; sourceTree = "<group>"; };
		E8A4FFD615E4377F00D10907 /* ScalaOneTests.octest */ = {isa = PBXFileReference; explicitFileType = wrapper.cfbundle; includeInIndex = 0; path = ScalaOneTests.octest; sourceTree = BUILT_PRODUCTS_DIR; };
		E8A4FFD715E4377F00D10907 /* SenTestingKit.framework */ = {isa = PBXFileReference; lastKnownFileType = wrapper.framework; name = SenTestingKit.framework; path = Library/Frameworks/SenTestingKit.framework; sourceTree = DEVELOPER_DIR; };
		E8A4FFDF15E4377F00D10907 /* ScalaOneTests-Info.plist */ = {isa = PBXFileReference; lastKnownFileType = text.plist.xml; path = "ScalaOneTests-Info.plist"; sourceTree = "<group>"; };
		E8A4FFE115E4377F00D10907 /* en */ = {isa = PBXFileReference; lastKnownFileType = text.plist.strings; name = en; path = en.lproj/InfoPlist.strings; sourceTree = "<group>"; };
		E8A4FFE315E4377F00D10907 /* ScalaOneTests.h */ = {isa = PBXFileReference; lastKnownFileType = sourcecode.c.h; path = ScalaOneTests.h; sourceTree = "<group>"; };
		E8A4FFE415E4377F00D10907 /* ScalaOneTests.m */ = {isa = PBXFileReference; lastKnownFileType = sourcecode.c.objc; path = ScalaOneTests.m; sourceTree = "<group>"; };
		E8E4623915E6D7F100908C6A /* SOChatMessage.h */ = {isa = PBXFileReference; fileEncoding = 4; lastKnownFileType = sourcecode.c.h; path = SOChatMessage.h; sourceTree = "<group>"; };
		E8E4623A15E6D7F100908C6A /* SOChatMessage.m */ = {isa = PBXFileReference; fileEncoding = 4; lastKnownFileType = sourcecode.c.objc; path = SOChatMessage.m; sourceTree = "<group>"; };
		E8E4623F15E6E59F00908C6A /* SOChatCell.h */ = {isa = PBXFileReference; fileEncoding = 4; lastKnownFileType = sourcecode.c.h; path = SOChatCell.h; sourceTree = "<group>"; };
		E8E4624015E6E59F00908C6A /* SOChatCell.m */ = {isa = PBXFileReference; fileEncoding = 4; lastKnownFileType = sourcecode.c.objc; path = SOChatCell.m; sourceTree = "<group>"; };
/* End PBXFileReference section */

/* Begin PBXFrameworksBuildPhase section */
		E8A4FFB215E4377F00D10907 /* Frameworks */ = {
			isa = PBXFrameworksBuildPhase;
			buildActionMask = 2147483647;
			files = (
				E88037D815E7400400B591CC /* CoreLocation.framework in Frameworks */,
				E88037BD15E7277C00B591CC /* MapKit.framework in Frameworks */,
				E8A4FFBA15E4377F00D10907 /* UIKit.framework in Frameworks */,
				E8A4FFBC15E4377F00D10907 /* Foundation.framework in Frameworks */,
				E8A4FFBE15E4377F00D10907 /* CoreGraphics.framework in Frameworks */,
				A5D05E1E51BB46D6999EDFA4 /* libPods.a in Frameworks */,
			);
			runOnlyForDeploymentPostprocessing = 0;
		};
		E8A4FFD215E4377F00D10907 /* Frameworks */ = {
			isa = PBXFrameworksBuildPhase;
			buildActionMask = 2147483647;
			files = (
				E8A4FFD815E4377F00D10907 /* SenTestingKit.framework in Frameworks */,
				E8A4FFD915E4377F00D10907 /* UIKit.framework in Frameworks */,
				E8A4FFDA15E4377F00D10907 /* Foundation.framework in Frameworks */,
			);
			runOnlyForDeploymentPostprocessing = 0;
		};
/* End PBXFrameworksBuildPhase section */

/* Begin PBXGroup section */
		E82EF78615E4A23400FA7E78 /* App Icon */ = {
			isa = PBXGroup;
			children = (
				E82EF78715E4A23400FA7E78 /* Icon-72.png */,
				E82EF78815E4A23400FA7E78 /* Icon-72@2x.png */,
				E82EF78915E4A23400FA7E78 /* Icon-Small-50.png */,
				E82EF78A15E4A23400FA7E78 /* Icon-Small-50@2x.png */,
				E82EF78B15E4A23400FA7E78 /* Icon-Small.png */,
				E82EF78C15E4A23400FA7E78 /* Icon-Small@2x.png */,
				E82EF78D15E4A23400FA7E78 /* Icon.png */,
				E82EF78E15E4A23400FA7E78 /* Icon@2x.png */,
				E82EF78F15E4A23400FA7E78 /* iTunesArtwork.png */,
				E82EF79015E4A23400FA7E78 /* iTunesArtwork@2x.png */,
			);
			path = "App Icon";
			sourceTree = "<group>";
		};
		E842CC1D15E6887B00B40B33 /* SODefines */ = {
			isa = PBXGroup;
			children = (
				E842CC1A15E6876B00B40B33 /* SODefines.h */,
				E842CC1B15E6876B00B40B33 /* SODefines.m */,
			);
			name = SODefines;
			sourceTree = "<group>";
		};
		E842CC1E15E68AF000B40B33 /* SOHTTPClient */ = {
			isa = PBXGroup;
			children = (
				E842CBFD15E66C9600B40B33 /* SOHTTPClient.h */,
				E842CBFE15E66C9600B40B33 /* SOHTTPClient.m */,
			);
			name = SOHTTPClient;
			sourceTree = "<group>";
		};
		E865EE9B15E48B920063007F /* images */ = {
			isa = PBXGroup;
			children = (
				E88037D915E798CE00B591CC /* map_marker.png */,
				E88037DA15E798CE00B591CC /* map_marker@2x.png */,
				E82EF78615E4A23400FA7E78 /* App Icon */,
				E865EE9C15E48B920063007F /* elements@1x */,
				E865EEAB15E48B920063007F /* elements@2x */,
			);
			name = images;
			path = elements;
			sourceTree = "<group>";
		};
		E865EE9C15E48B920063007F /* elements@1x */ = {
			isa = PBXGroup;
			children = (
				E865EE9D15E48B920063007F /* favourites.png */,
				E865EE9E15E48B920063007F /* home.png */,
				E865EE9F15E48B920063007F /* map.png */,
				E865EEA015E48B920063007F /* my_profile.png */,
				E865EEA115E48B920063007F /* my_profile_edit.png */,
				E865EEA215E48B920063007F /* my_profile_edit2.png */,
				E865EEA315E48B920063007F /* playground.png */,
				E865EEA415E48B920063007F /* profile.png */,
				E865EEA515E48B920063007F /* session.png */,
				E865EEA615E48B920063007F /* session2.png */,
				E865EEA715E48B920063007F /* session_chat.png */,
				E865EEA815E48B920063007F /* sessions.png */,
				E865EEA915E48B920063007F /* speaker.png */,
				E865EEAA15E48B920063007F /* speakers.png */,
			);
			path = "elements@1x";
			sourceTree = "<group>";
		};
		E865EEAB15E48B920063007F /* elements@2x */ = {
			isa = PBXGroup;
			children = (
				E865EEAC15E48B920063007F /* favourites@2x.png */,
				E865EEAD15E48B920063007F /* home@2x.png */,
				E865EEAE15E48B920063007F /* map@2x.png */,
				E865EEAF15E48B920063007F /* my_profile@2x.png */,
				E865EEB015E48B920063007F /* my_profile_edit2@2x.png */,
				E865EEB115E48B920063007F /* my_profile_edit@2x.png */,
				E865EEB215E48B920063007F /* playground@2x.png */,
				E865EEB315E48B920063007F /* profile@2x.png */,
				E865EEB415E48B920063007F /* session2@2x.png */,
				E865EEB515E48B920063007F /* session@2x.png */,
				E865EEB615E48B920063007F /* session_chat@2x.png */,
				E865EEB715E48B920063007F /* sessions@2x.png */,
				E865EEB815E48B920063007F /* speaker@2x.png */,
				E865EEB915E48B920063007F /* speakers@2x.png */,
			);
			path = "elements@2x";
			sourceTree = "<group>";
		};
		E865EED715E48D0B0063007F /* SOHomeViewController */ = {
			isa = PBXGroup;
			children = (
				E8A4FFCB15E4377F00D10907 /* SOHomeViewController.h */,
				E8A4FFCC15E4377F00D10907 /* SOHomeViewController.m */,
				E8A4FFCE15E4377F00D10907 /* SOHomeViewController.xib */,
			);
			name = SOHomeViewController;
			sourceTree = "<group>";
		};
		E865EED815E48D610063007F /* View Controllers */ = {
			isa = PBXGroup;
			children = (
				E8E4623E15E6E58300908C6A /* SOChatCell */,
				E865EED715E48D0B0063007F /* SOHomeViewController */,
				E865EEDB15E491DA0063007F /* SOSessionListViewController */,
				E865EEDE15E491FB0063007F /* SOSessionViewController */,
				E865EEDC15E491EB0063007F /* SOSpeakerListViewController */,
				E865EEDD15E491F40063007F /* SOSpeakerViewController */,
				E865EEE115E4921F0063007F /* SOFavoritesViewController */,
				E865EEE215E4926E0063007F /* SOProfileViewController */,
				E865EEDF15E492040063007F /* SOChatViewController */,
				E865EEE015E492130063007F /* SOMapViewController */,
				E865EED915E48D730063007F /* SOPlaygroundViewController */,
			);
			name = "View Controllers";
			sourceTree = "<group>";
		};
		E865EED915E48D730063007F /* SOPlaygroundViewController */ = {
			isa = PBXGroup;
			children = (
				E865EF0B15E4930E0063007F /* SOPlaygroundViewController.h */,
				E865EF0C15E4930E0063007F /* SOPlaygroundViewController.m */,
				E865EF0D15E4930E0063007F /* SOPlaygroundViewController.xib */,
			);
			name = SOPlaygroundViewController;
			sourceTree = "<group>";
		};
		E865EEDB15E491DA0063007F /* SOSessionListViewController */ = {
			isa = PBXGroup;
			children = (
				E865EEE815E492D70063007F /* SOSessionListViewController.h */,
				E865EEE915E492D70063007F /* SOSessionListViewController.m */,
				E865EEEA15E492D70063007F /* SOSessionListViewController.xib */,
			);
			name = SOSessionListViewController;
			sourceTree = "<group>";
		};
		E865EEDC15E491EB0063007F /* SOSpeakerListViewController */ = {
			isa = PBXGroup;
			children = (
				E865EEED15E492E10063007F /* SOSpeakerListViewController.h */,
				E865EEEE15E492E10063007F /* SOSpeakerListViewController.m */,
				E865EEEF15E492E10063007F /* SOSpeakerListViewController.xib */,
			);
			name = SOSpeakerListViewController;
			sourceTree = "<group>";
		};
		E865EEDD15E491F40063007F /* SOSpeakerViewController */ = {
			isa = PBXGroup;
			children = (
				E865EEF215E492E80063007F /* SOSpeakerViewController.h */,
				E865EEF315E492E80063007F /* SOSpeakerViewController.m */,
				E865EEF415E492E80063007F /* SOSpeakerViewController.xib */,
			);
			name = SOSpeakerViewController;
			sourceTree = "<group>";
		};
		E865EEDE15E491FB0063007F /* SOSessionViewController */ = {
			isa = PBXGroup;
			children = (
				E865EEE315E492C10063007F /* SOSessionViewController.h */,
				E865EEE415E492C10063007F /* SOSessionViewController.m */,
				E865EEE515E492C10063007F /* SOSessionViewController.xib */,
			);
			name = SOSessionViewController;
			sourceTree = "<group>";
		};
		E865EEDF15E492040063007F /* SOChatViewController */ = {
			isa = PBXGroup;
			children = (
				E865EF0115E492FF0063007F /* SOChatViewController.h */,
				E865EF0215E492FF0063007F /* SOChatViewController.m */,
				E865EF0315E492FF0063007F /* SOChatViewController.xib */,
			);
			name = SOChatViewController;
			sourceTree = "<group>";
		};
		E865EEE015E492130063007F /* SOMapViewController */ = {
			isa = PBXGroup;
			children = (
				E865EF0615E493070063007F /* SOMapViewController.h */,
				E865EF0715E493070063007F /* SOMapViewController.m */,
				E865EF0815E493070063007F /* SOMapViewController.xib */,
			);
			name = SOMapViewController;
			sourceTree = "<group>";
		};
		E865EEE115E4921F0063007F /* SOFavoritesViewController */ = {
			isa = PBXGroup;
			children = (
				E865EEF715E492F10063007F /* SOFavoritesViewController.h */,
				E865EEF815E492F10063007F /* SOFavoritesViewController.m */,
				E865EEF915E492F10063007F /* SOFavoritesViewController.xib */,
			);
			name = SOFavoritesViewController;
			sourceTree = "<group>";
		};
		E865EEE215E4926E0063007F /* SOProfileViewController */ = {
			isa = PBXGroup;
			children = (
				E865EEFC15E492F70063007F /* SOProfileViewController.h */,
				E865EEFD15E492F70063007F /* SOProfileViewController.m */,
				E865EEFE15E492F70063007F /* SOProfileViewController.xib */,
			);
			name = SOProfileViewController;
			sourceTree = "<group>";
		};
		E88037C415E73DE400B591CC /* SOLocation */ = {
			isa = PBXGroup;
			children = (
				E880382415E7BB8800B591CC /* SOLocationAnnotation.h */,
				E880382515E7BB8800B591CC /* SOLocationAnnotation.m */,
				E880382615E7BB8800B591CC /* SOLocationView.h */,
				E880382715E7BB8800B591CC /* SOLocationView.m */,
				E880382815E7BB8800B591CC /* SOLocationProtocols.h */,
			);
			name = SOLocation;
			sourceTree = "<group>";
		};
		E8A4FFAA15E4377F00D10907 = {
			isa = PBXGroup;
			children = (
				E8A4FFBF15E4377F00D10907 /* ScalaOne */,
				E8A4FFDD15E4377F00D10907 /* ScalaOneTests */,
				E8A4FFB815E4377F00D10907 /* Frameworks */,
				E8A4FFB615E4377F00D10907 /* Products */,
				2F4E18102E17471FBED4DC43 /* Pods.xcconfig */,
			);
			sourceTree = "<group>";
		};
		E8A4FFB615E4377F00D10907 /* Products */ = {
			isa = PBXGroup;
			children = (
				E8A4FFB515E4377F00D10907 /* ScalaOne.app */,
				E8A4FFD615E4377F00D10907 /* ScalaOneTests.octest */,
			);
			name = Products;
			sourceTree = "<group>";
		};
		E8A4FFB815E4377F00D10907 /* Frameworks */ = {
			isa = PBXGroup;
			children = (
				E88037D715E7400400B591CC /* CoreLocation.framework */,
				E88037BC15E7277C00B591CC /* MapKit.framework */,
				E8A4FFB915E4377F00D10907 /* UIKit.framework */,
				E8A4FFBB15E4377F00D10907 /* Foundation.framework */,
				E8A4FFBD15E4377F00D10907 /* CoreGraphics.framework */,
				E8A4FFD715E4377F00D10907 /* SenTestingKit.framework */,
				25864A143C1F40E4BEDB06B2 /* libPods.a */,
			);
			name = Frameworks;
			sourceTree = "<group>";
		};
		E8A4FFBF15E4377F00D10907 /* ScalaOne */ = {
			isa = PBXGroup;
			children = (
				E88037C415E73DE400B591CC /* SOLocation */,
				E865EE9B15E48B920063007F /* images */,
				E8A4FFC815E4377F00D10907 /* SOAppDelegate.h */,
				E8A4FFC915E4377F00D10907 /* SOAppDelegate.m */,
				E865EED815E48D610063007F /* View Controllers */,
				E8A4FFC015E4377F00D10907 /* Supporting Files */,
				E842CC1E15E68AF000B40B33 /* SOHTTPClient */,
				E842CC1D15E6887B00B40B33 /* SODefines */,
				E8E4623D15E6D7F500908C6A /* SOChatMessage */,
			);
			path = ScalaOne;
			sourceTree = "<group>";
		};
		E8A4FFC015E4377F00D10907 /* Supporting Files */ = {
			isa = PBXGroup;
			children = (
				E8A4FFC115E4377F00D10907 /* ScalaOne-Info.plist */,
				E8A4FFC215E4377F00D10907 /* InfoPlist.strings */,
				E8A4FFC515E4377F00D10907 /* main.m */,
				E8A4FFC715E4377F00D10907 /* ScalaOne-Prefix.pch */,
			);
			name = "Supporting Files";
			sourceTree = "<group>";
		};
		E8A4FFDD15E4377F00D10907 /* ScalaOneTests */ = {
			isa = PBXGroup;
			children = (
				E8A4FFE315E4377F00D10907 /* ScalaOneTests.h */,
				E8A4FFE415E4377F00D10907 /* ScalaOneTests.m */,
				E8A4FFDE15E4377F00D10907 /* Supporting Files */,
			);
			path = ScalaOneTests;
			sourceTree = "<group>";
		};
		E8A4FFDE15E4377F00D10907 /* Supporting Files */ = {
			isa = PBXGroup;
			children = (
				E8A4FFDF15E4377F00D10907 /* ScalaOneTests-Info.plist */,
				E8A4FFE015E4377F00D10907 /* InfoPlist.strings */,
			);
			name = "Supporting Files";
			sourceTree = "<group>";
		};
		E8E4623D15E6D7F500908C6A /* SOChatMessage */ = {
			isa = PBXGroup;
			children = (
				E8E4623915E6D7F100908C6A /* SOChatMessage.h */,
				E8E4623A15E6D7F100908C6A /* SOChatMessage.m */,
			);
			name = SOChatMessage;
			sourceTree = "<group>";
		};
		E8E4623E15E6E58300908C6A /* SOChatCell */ = {
			isa = PBXGroup;
			children = (
				E8E4623F15E6E59F00908C6A /* SOChatCell.h */,
				E8E4624015E6E59F00908C6A /* SOChatCell.m */,
			);
			name = SOChatCell;
			sourceTree = "<group>";
		};
/* End PBXGroup section */

/* Begin PBXNativeTarget section */
		E8A4FFB415E4377F00D10907 /* ScalaOne */ = {
			isa = PBXNativeTarget;
			buildConfigurationList = E8A4FFE815E4377F00D10907 /* Build configuration list for PBXNativeTarget "ScalaOne" */;
			buildPhases = (
				E8A4FFB115E4377F00D10907 /* Sources */,
				E8A4FFB215E4377F00D10907 /* Frameworks */,
				E8A4FFB315E4377F00D10907 /* Resources */,
				19C21ADB1A414769BECE6958 /* Copy Pods Resources */,
			);
			buildRules = (
			);
			dependencies = (
			);
			name = ScalaOne;
			productName = ScalaOne;
			productReference = E8A4FFB515E4377F00D10907 /* ScalaOne.app */;
			productType = "com.apple.product-type.application";
		};
		E8A4FFD515E4377F00D10907 /* ScalaOneTests */ = {
			isa = PBXNativeTarget;
			buildConfigurationList = E8A4FFEB15E4377F00D10907 /* Build configuration list for PBXNativeTarget "ScalaOneTests" */;
			buildPhases = (
				E8A4FFD115E4377F00D10907 /* Sources */,
				E8A4FFD215E4377F00D10907 /* Frameworks */,
				E8A4FFD315E4377F00D10907 /* Resources */,
				E8A4FFD415E4377F00D10907 /* ShellScript */,
			);
			buildRules = (
			);
			dependencies = (
				E8A4FFDC15E4377F00D10907 /* PBXTargetDependency */,
			);
			name = ScalaOneTests;
			productName = ScalaOneTests;
			productReference = E8A4FFD615E4377F00D10907 /* ScalaOneTests.octest */;
			productType = "com.apple.product-type.bundle";
		};
/* End PBXNativeTarget section */

/* Begin PBXProject section */
		E8A4FFAC15E4377F00D10907 /* Project object */ = {
			isa = PBXProject;
			attributes = {
				CLASSPREFIX = SO;
				LastUpgradeCheck = 0440;
				ORGANIZATIONNAME = "Magnetic Bear Studios";
			};
			buildConfigurationList = E8A4FFAF15E4377F00D10907 /* Build configuration list for PBXProject "ScalaOne" */;
			compatibilityVersion = "Xcode 3.2";
			developmentRegion = English;
			hasScannedForEncodings = 0;
			knownRegions = (
				en,
			);
			mainGroup = E8A4FFAA15E4377F00D10907;
			productRefGroup = E8A4FFB615E4377F00D10907 /* Products */;
			projectDirPath = "";
			projectRoot = "";
			targets = (
				E8A4FFB415E4377F00D10907 /* ScalaOne */,
				E8A4FFD515E4377F00D10907 /* ScalaOneTests */,
			);
		};
/* End PBXProject section */

/* Begin PBXResourcesBuildPhase section */
		E8A4FFB315E4377F00D10907 /* Resources */ = {
			isa = PBXResourcesBuildPhase;
			buildActionMask = 2147483647;
			files = (
				E8A4FFC415E4377F00D10907 /* InfoPlist.strings in Resources */,
				E8A4FFD015E4377F00D10907 /* SOHomeViewController.xib in Resources */,
				E865EEBA15E48B920063007F /* favourites.png in Resources */,
				E865EEBB15E48B920063007F /* home.png in Resources */,
				E865EEBC15E48B920063007F /* map.png in Resources */,
				E865EEBD15E48B920063007F /* my_profile.png in Resources */,
				E865EEBE15E48B920063007F /* my_profile_edit.png in Resources */,
				E865EEBF15E48B920063007F /* my_profile_edit2.png in Resources */,
				E865EEC015E48B920063007F /* playground.png in Resources */,
				E865EEC115E48B920063007F /* profile.png in Resources */,
				E865EEC215E48B920063007F /* session.png in Resources */,
				E865EEC315E48B920063007F /* session2.png in Resources */,
				E865EEC415E48B920063007F /* session_chat.png in Resources */,
				E865EEC515E48B920063007F /* sessions.png in Resources */,
				E865EEC615E48B920063007F /* speaker.png in Resources */,
				E865EEC715E48B920063007F /* speakers.png in Resources */,
				E865EEC815E48B920063007F /* favourites@2x.png in Resources */,
				E865EEC915E48B920063007F /* home@2x.png in Resources */,
				E865EECA15E48B920063007F /* map@2x.png in Resources */,
				E865EECB15E48B920063007F /* my_profile@2x.png in Resources */,
				E865EECC15E48B920063007F /* my_profile_edit2@2x.png in Resources */,
				E865EECD15E48B920063007F /* my_profile_edit@2x.png in Resources */,
				E865EECE15E48B920063007F /* playground@2x.png in Resources */,
				E865EECF15E48B920063007F /* profile@2x.png in Resources */,
				E865EED015E48B920063007F /* session2@2x.png in Resources */,
				E865EED115E48B920063007F /* session@2x.png in Resources */,
				E865EED215E48B920063007F /* session_chat@2x.png in Resources */,
				E865EED315E48B920063007F /* sessions@2x.png in Resources */,
				E865EED415E48B920063007F /* speaker@2x.png in Resources */,
				E865EED515E48B920063007F /* speakers@2x.png in Resources */,
				E865EEE715E492C10063007F /* SOSessionViewController.xib in Resources */,
				E865EEEC15E492D70063007F /* SOSessionListViewController.xib in Resources */,
				E865EEF115E492E10063007F /* SOSpeakerListViewController.xib in Resources */,
				E865EEF615E492E80063007F /* SOSpeakerViewController.xib in Resources */,
				E865EEFB15E492F10063007F /* SOFavoritesViewController.xib in Resources */,
				E865EF0015E492F70063007F /* SOProfileViewController.xib in Resources */,
				E865EF0515E492FF0063007F /* SOChatViewController.xib in Resources */,
				E865EF0A15E493070063007F /* SOMapViewController.xib in Resources */,
				E865EF0F15E4930E0063007F /* SOPlaygroundViewController.xib in Resources */,
				E82EF79115E4A23400FA7E78 /* Icon-72.png in Resources */,
				E82EF79215E4A23400FA7E78 /* Icon-72@2x.png in Resources */,
				E82EF79315E4A23400FA7E78 /* Icon-Small-50.png in Resources */,
				E82EF79415E4A23400FA7E78 /* Icon-Small-50@2x.png in Resources */,
				E82EF79515E4A23400FA7E78 /* Icon-Small.png in Resources */,
				E82EF79615E4A23400FA7E78 /* Icon-Small@2x.png in Resources */,
				E82EF79715E4A23400FA7E78 /* Icon.png in Resources */,
				E82EF79815E4A23400FA7E78 /* Icon@2x.png in Resources */,
				E82EF79915E4A23400FA7E78 /* iTunesArtwork.png in Resources */,
				E82EF79A15E4A23400FA7E78 /* iTunesArtwork@2x.png in Resources */,
				E88037DB15E798CE00B591CC /* map_marker.png in Resources */,
				E88037DC15E798CE00B591CC /* map_marker@2x.png in Resources */,
			);
			runOnlyForDeploymentPostprocessing = 0;
		};
		E8A4FFD315E4377F00D10907 /* Resources */ = {
			isa = PBXResourcesBuildPhase;
			buildActionMask = 2147483647;
			files = (
				E8A4FFE215E4377F00D10907 /* InfoPlist.strings in Resources */,
			);
			runOnlyForDeploymentPostprocessing = 0;
		};
/* End PBXResourcesBuildPhase section */

/* Begin PBXShellScriptBuildPhase section */
		19C21ADB1A414769BECE6958 /* Copy Pods Resources */ = {
			isa = PBXShellScriptBuildPhase;
			buildActionMask = 2147483647;
			files = (
			);
			inputPaths = (
			);
			name = "Copy Pods Resources";
			outputPaths = (
			);
			runOnlyForDeploymentPostprocessing = 0;
			shellPath = /bin/sh;
			shellScript = "\"${SRCROOT}/Pods/Pods-resources.sh\"\n";
		};
		E8A4FFD415E4377F00D10907 /* ShellScript */ = {
			isa = PBXShellScriptBuildPhase;
			buildActionMask = 2147483647;
			files = (
			);
			inputPaths = (
			);
			outputPaths = (
			);
			runOnlyForDeploymentPostprocessing = 0;
			shellPath = /bin/sh;
			shellScript = "# Run the unit tests in this test bundle.\n\"${SYSTEM_DEVELOPER_DIR}/Tools/RunUnitTests\"\n";
		};
/* End PBXShellScriptBuildPhase section */

/* Begin PBXSourcesBuildPhase section */
		E8A4FFB115E4377F00D10907 /* Sources */ = {
			isa = PBXSourcesBuildPhase;
			buildActionMask = 2147483647;
			files = (
				E8A4FFC615E4377F00D10907 /* main.m in Sources */,
				E8A4FFCA15E4377F00D10907 /* SOAppDelegate.m in Sources */,
				E8A4FFCD15E4377F00D10907 /* SOHomeViewController.m in Sources */,
				E865EEE615E492C10063007F /* SOSessionViewController.m in Sources */,
				E865EEEB15E492D70063007F /* SOSessionListViewController.m in Sources */,
				E865EEF015E492E10063007F /* SOSpeakerListViewController.m in Sources */,
				E865EEF515E492E80063007F /* SOSpeakerViewController.m in Sources */,
				E865EEFA15E492F10063007F /* SOFavoritesViewController.m in Sources */,
				E865EEFF15E492F70063007F /* SOProfileViewController.m in Sources */,
				E865EF0415E492FF0063007F /* SOChatViewController.m in Sources */,
				E865EF0915E493070063007F /* SOMapViewController.m in Sources */,
				E865EF0E15E4930E0063007F /* SOPlaygroundViewController.m in Sources */,
				E842CBFF15E66C9600B40B33 /* SOHTTPClient.m in Sources */,
				E842CC1C15E6876B00B40B33 /* SODefines.m in Sources */,
				E8E4623B15E6D7F100908C6A /* SOChatMessage.m in Sources */,
				E8E4624115E6E59F00908C6A /* SOChatCell.m in Sources */,
				E880382D15E7BB8800B591CC /* SOLocationAnnotation.m in Sources */,
				E880382E15E7BB8800B591CC /* SOLocationView.m in Sources */,
			);
			runOnlyForDeploymentPostprocessing = 0;
		};
		E8A4FFD115E4377F00D10907 /* Sources */ = {
			isa = PBXSourcesBuildPhase;
			buildActionMask = 2147483647;
			files = (
				E8A4FFE515E4377F00D10907 /* ScalaOneTests.m in Sources */,
			);
			runOnlyForDeploymentPostprocessing = 0;
		};
/* End PBXSourcesBuildPhase section */

/* Begin PBXTargetDependency section */
		E8A4FFDC15E4377F00D10907 /* PBXTargetDependency */ = {
			isa = PBXTargetDependency;
			target = E8A4FFB415E4377F00D10907 /* ScalaOne */;
			targetProxy = E8A4FFDB15E4377F00D10907 /* PBXContainerItemProxy */;
		};
/* End PBXTargetDependency section */

/* Begin PBXVariantGroup section */
		E8A4FFC215E4377F00D10907 /* InfoPlist.strings */ = {
			isa = PBXVariantGroup;
			children = (
				E8A4FFC315E4377F00D10907 /* en */,
			);
			name = InfoPlist.strings;
			sourceTree = "<group>";
		};
		E8A4FFCE15E4377F00D10907 /* SOHomeViewController.xib */ = {
			isa = PBXVariantGroup;
			children = (
				E8A4FFCF15E4377F00D10907 /* en */,
			);
			name = SOHomeViewController.xib;
			sourceTree = "<group>";
		};
		E8A4FFE015E4377F00D10907 /* InfoPlist.strings */ = {
			isa = PBXVariantGroup;
			children = (
				E8A4FFE115E4377F00D10907 /* en */,
			);
			name = InfoPlist.strings;
			sourceTree = "<group>";
		};
/* End PBXVariantGroup section */

/* Begin XCBuildConfiguration section */
		E865EF1015E49B780063007F /* Ad Hoc */ = {
			isa = XCBuildConfiguration;
			buildSettings = {
				ALWAYS_SEARCH_USER_PATHS = NO;
				ARCHS = "$(ARCHS_STANDARD_32_BIT)";
				CLANG_CXX_LANGUAGE_STANDARD = "gnu++0x";
				CLANG_ENABLE_OBJC_ARC = YES;
				CLANG_WARN__DUPLICATE_METHOD_MATCH = YES;
				"CODE_SIGN_IDENTITY[sdk=iphoneos*]" = "iPhone Developer";
				COPY_PHASE_STRIP = YES;
				GCC_C_LANGUAGE_STANDARD = gnu99;
				GCC_VERSION = com.apple.compilers.llvm.clang.1_0;
				GCC_WARN_ABOUT_RETURN_TYPE = YES;
				GCC_WARN_UNINITIALIZED_AUTOS = YES;
				GCC_WARN_UNUSED_VARIABLE = YES;
				IPHONEOS_DEPLOYMENT_TARGET = 5.1;
				OTHER_CFLAGS = "-DNS_BLOCK_ASSERTIONS=1";
				SDKROOT = iphoneos;
				VALIDATE_PRODUCT = YES;
			};
			name = "Ad Hoc";
		};
		E865EF1115E49B780063007F /* Ad Hoc */ = {
			isa = XCBuildConfiguration;
			baseConfigurationReference = 2F4E18102E17471FBED4DC43 /* Pods.xcconfig */;
			buildSettings = {
				CODE_SIGN_IDENTITY = "iPhone Distribution: Magnetic Bear Studios Inc.";
				"CODE_SIGN_IDENTITY[sdk=iphoneos*]" = "iPhone Distribution: Magnetic Bear Studios Inc.";
				GCC_PRECOMPILE_PREFIX_HEADER = YES;
				GCC_PREFIX_HEADER = "ScalaOne/ScalaOne-Prefix.pch";
				GCC_PREPROCESSOR_DEFINITIONS = "DEMO=1";
				INFOPLIST_FILE = "ScalaOne/ScalaOne-Info.plist";
				PRODUCT_NAME = "$(TARGET_NAME)";
				PROVISIONING_PROFILE = "13204BDB-BBD4-4F91-87A0-F3C5B7E8B81E";
				"PROVISIONING_PROFILE[sdk=iphoneos*]" = "13204BDB-BBD4-4F91-87A0-F3C5B7E8B81E";
				WRAPPER_EXTENSION = app;
			};
			name = "Ad Hoc";
		};
		E865EF1215E49B780063007F /* Ad Hoc */ = {
			isa = XCBuildConfiguration;
			buildSettings = {
				BUNDLE_LOADER = "$(BUILT_PRODUCTS_DIR)/ScalaOne.app/ScalaOne";
				FRAMEWORK_SEARCH_PATHS = (
					"\"$(SDKROOT)/Developer/Library/Frameworks\"",
					"\"$(DEVELOPER_LIBRARY_DIR)/Frameworks\"",
				);
				GCC_PRECOMPILE_PREFIX_HEADER = YES;
				GCC_PREFIX_HEADER = "ScalaOne/ScalaOne-Prefix.pch";
				INFOPLIST_FILE = "ScalaOneTests/ScalaOneTests-Info.plist";
				PRODUCT_NAME = "$(TARGET_NAME)";
				TEST_HOST = "$(BUNDLE_LOADER)";
				WRAPPER_EXTENSION = octest;
			};
			name = "Ad Hoc";
		};
		E8A4FFE615E4377F00D10907 /* Debug */ = {
			isa = XCBuildConfiguration;
			buildSettings = {
				ALWAYS_SEARCH_USER_PATHS = NO;
				ARCHS = "$(ARCHS_STANDARD_32_BIT)";
				CLANG_CXX_LANGUAGE_STANDARD = "gnu++0x";
				CLANG_ENABLE_OBJC_ARC = YES;
				CLANG_WARN__DUPLICATE_METHOD_MATCH = YES;
				"CODE_SIGN_IDENTITY[sdk=iphoneos*]" = "iPhone Developer";
				COPY_PHASE_STRIP = NO;
				GCC_C_LANGUAGE_STANDARD = gnu99;
				GCC_DYNAMIC_NO_PIC = NO;
				GCC_OPTIMIZATION_LEVEL = 0;
				GCC_PREPROCESSOR_DEFINITIONS = (
					"DEBUG=1",
					"$(inherited)",
				);
				GCC_SYMBOLS_PRIVATE_EXTERN = NO;
				GCC_VERSION = com.apple.compilers.llvm.clang.1_0;
				GCC_WARN_ABOUT_RETURN_TYPE = YES;
				GCC_WARN_UNINITIALIZED_AUTOS = YES;
				GCC_WARN_UNUSED_VARIABLE = YES;
				IPHONEOS_DEPLOYMENT_TARGET = 5.1;
				SDKROOT = iphoneos;
			};
			name = Debug;
		};
		E8A4FFE715E4377F00D10907 /* Release */ = {
			isa = XCBuildConfiguration;
			buildSettings = {
				ALWAYS_SEARCH_USER_PATHS = NO;
				ARCHS = "$(ARCHS_STANDARD_32_BIT)";
				CLANG_CXX_LANGUAGE_STANDARD = "gnu++0x";
				CLANG_ENABLE_OBJC_ARC = YES;
				CLANG_WARN__DUPLICATE_METHOD_MATCH = YES;
				"CODE_SIGN_IDENTITY[sdk=iphoneos*]" = "iPhone Developer";
				COPY_PHASE_STRIP = YES;
				GCC_C_LANGUAGE_STANDARD = gnu99;
				GCC_VERSION = com.apple.compilers.llvm.clang.1_0;
				GCC_WARN_ABOUT_RETURN_TYPE = YES;
				GCC_WARN_UNINITIALIZED_AUTOS = YES;
				GCC_WARN_UNUSED_VARIABLE = YES;
				IPHONEOS_DEPLOYMENT_TARGET = 5.1;
				OTHER_CFLAGS = "-DNS_BLOCK_ASSERTIONS=1";
				SDKROOT = iphoneos;
				VALIDATE_PRODUCT = YES;
			};
			name = Release;
		};
		E8A4FFE915E4377F00D10907 /* Debug */ = {
			isa = XCBuildConfiguration;
			baseConfigurationReference = 2F4E18102E17471FBED4DC43 /* Pods.xcconfig */;
			buildSettings = {
				GCC_PRECOMPILE_PREFIX_HEADER = YES;
				GCC_PREFIX_HEADER = "ScalaOne/ScalaOne-Prefix.pch";
				GCC_PREPROCESSOR_DEFINITIONS = (
					"DEBUG=1",
					"$(inherited)",
					"DEMO=0",
				);
				INFOPLIST_FILE = "ScalaOne/ScalaOne-Info.plist";
				PRODUCT_NAME = "$(TARGET_NAME)";
				WRAPPER_EXTENSION = app;
			};
			name = Debug;
		};
		E8A4FFEA15E4377F00D10907 /* Release */ = {
			isa = XCBuildConfiguration;
			baseConfigurationReference = 2F4E18102E17471FBED4DC43 /* Pods.xcconfig */;
			buildSettings = {
				GCC_PRECOMPILE_PREFIX_HEADER = YES;
				GCC_PREFIX_HEADER = "ScalaOne/ScalaOne-Prefix.pch";
				INFOPLIST_FILE = "ScalaOne/ScalaOne-Info.plist";
				PRODUCT_NAME = "$(TARGET_NAME)";
				WRAPPER_EXTENSION = app;
			};
			name = Release;
		};
		E8A4FFEC15E4377F00D10907 /* Debug */ = {
			isa = XCBuildConfiguration;
			buildSettings = {
				BUNDLE_LOADER = "$(BUILT_PRODUCTS_DIR)/ScalaOne.app/ScalaOne";
				FRAMEWORK_SEARCH_PATHS = (
					"\"$(SDKROOT)/Developer/Library/Frameworks\"",
					"\"$(DEVELOPER_LIBRARY_DIR)/Frameworks\"",
				);
				GCC_PRECOMPILE_PREFIX_HEADER = YES;
				GCC_PREFIX_HEADER = "ScalaOne/ScalaOne-Prefix.pch";
				INFOPLIST_FILE = "ScalaOneTests/ScalaOneTests-Info.plist";
				PRODUCT_NAME = "$(TARGET_NAME)";
				TEST_HOST = "$(BUNDLE_LOADER)";
				WRAPPER_EXTENSION = octest;
			};
			name = Debug;
		};
		E8A4FFED15E4377F00D10907 /* Release */ = {
			isa = XCBuildConfiguration;
			buildSettings = {
				BUNDLE_LOADER = "$(BUILT_PRODUCTS_DIR)/ScalaOne.app/ScalaOne";
				FRAMEWORK_SEARCH_PATHS = (
					"\"$(SDKROOT)/Developer/Library/Frameworks\"",
					"\"$(DEVELOPER_LIBRARY_DIR)/Frameworks\"",
				);
				GCC_PRECOMPILE_PREFIX_HEADER = YES;
				GCC_PREFIX_HEADER = "ScalaOne/ScalaOne-Prefix.pch";
				INFOPLIST_FILE = "ScalaOneTests/ScalaOneTests-Info.plist";
				PRODUCT_NAME = "$(TARGET_NAME)";
				TEST_HOST = "$(BUNDLE_LOADER)";
				WRAPPER_EXTENSION = octest;
			};
			name = Release;
		};
/* End XCBuildConfiguration section */

/* Begin XCConfigurationList section */
		E8A4FFAF15E4377F00D10907 /* Build configuration list for PBXProject "ScalaOne" */ = {
			isa = XCConfigurationList;
			buildConfigurations = (
				E8A4FFE615E4377F00D10907 /* Debug */,
				E8A4FFE715E4377F00D10907 /* Release */,
				E865EF1015E49B780063007F /* Ad Hoc */,
			);
			defaultConfigurationIsVisible = 0;
			defaultConfigurationName = Release;
		};
		E8A4FFE815E4377F00D10907 /* Build configuration list for PBXNativeTarget "ScalaOne" */ = {
			isa = XCConfigurationList;
			buildConfigurations = (
				E8A4FFE915E4377F00D10907 /* Debug */,
				E8A4FFEA15E4377F00D10907 /* Release */,
				E865EF1115E49B780063007F /* Ad Hoc */,
			);
			defaultConfigurationIsVisible = 0;
			defaultConfigurationName = Release;
		};
		E8A4FFEB15E4377F00D10907 /* Build configuration list for PBXNativeTarget "ScalaOneTests" */ = {
			isa = XCConfigurationList;
			buildConfigurations = (
				E8A4FFEC15E4377F00D10907 /* Debug */,
				E8A4FFED15E4377F00D10907 /* Release */,
				E865EF1215E49B780063007F /* Ad Hoc */,
			);
			defaultConfigurationIsVisible = 0;
			defaultConfigurationName = Release;
		};
/* End XCConfigurationList section */
	};
	rootObject = E8A4FFAC15E4377F00D10907 /* Project object */;
}
