<?xml version="1.0" encoding="UTF-8"?>
<!DOCTYPE plist PUBLIC "-//Apple//DTD PLIST 1.0//EN" "http://www.apple.com/DTDs/PropertyList-1.0.dtd">
<plist version="1.0">
<dict>
	<key>archiveVersion</key>
	<string>1</string>
	<key>classes</key>
	<dict/>
	<key>objectVersion</key>
	<string>46</string>
	<key>objects</key>
	<dict>
		<key>19C21ADB1A414769BECE6958</key>
		<dict>
			<key>buildActionMask</key>
			<string>2147483647</string>
			<key>files</key>
			<array/>
			<key>inputPaths</key>
			<array/>
			<key>isa</key>
			<string>PBXShellScriptBuildPhase</string>
			<key>name</key>
			<string>Copy Pods Resources</string>
			<key>outputPaths</key>
			<array/>
			<key>runOnlyForDeploymentPostprocessing</key>
			<string>0</string>
			<key>shellPath</key>
			<string>/bin/sh</string>
			<key>shellScript</key>
			<string>"${SRCROOT}/Pods/Pods-resources.sh"
</string>
		</dict>
		<key>25864A143C1F40E4BEDB06B2</key>
		<dict>
			<key>explicitFileType</key>
			<string>archive.ar</string>
			<key>includeInIndex</key>
			<string>0</string>
			<key>isa</key>
			<string>PBXFileReference</string>
			<key>name</key>
			<string>libPods.a</string>
			<key>path</key>
			<string>libPods.a</string>
			<key>sourceTree</key>
			<string>BUILT_PRODUCTS_DIR</string>
		</dict>
		<key>2F4E18102E17471FBED4DC43</key>
		<dict>
			<key>includeInIndex</key>
			<string>1</string>
			<key>isa</key>
			<string>PBXFileReference</string>
			<key>lastKnownFileType</key>
			<string>text.xcconfig</string>
			<key>name</key>
			<string>Pods.xcconfig</string>
			<key>path</key>
			<string>Pods/Pods.xcconfig</string>
			<key>sourceTree</key>
			<string>SOURCE_ROOT</string>
		</dict>
		<key>A5D05E1E51BB46D6999EDFA4</key>
		<dict>
			<key>fileRef</key>
			<string>25864A143C1F40E4BEDB06B2</string>
			<key>isa</key>
			<string>PBXBuildFile</string>
		</dict>
		<key>E82EF78615E4A23400FA7E78</key>
		<dict>
			<key>children</key>
			<array>
				<string>E82EF78715E4A23400FA7E78</string>
				<string>E82EF78815E4A23400FA7E78</string>
				<string>E82EF78915E4A23400FA7E78</string>
				<string>E82EF78A15E4A23400FA7E78</string>
				<string>E82EF78B15E4A23400FA7E78</string>
				<string>E82EF78C15E4A23400FA7E78</string>
				<string>E82EF78D15E4A23400FA7E78</string>
				<string>E82EF78E15E4A23400FA7E78</string>
				<string>E82EF78F15E4A23400FA7E78</string>
				<string>E82EF79015E4A23400FA7E78</string>
			</array>
			<key>isa</key>
			<string>PBXGroup</string>
			<key>path</key>
			<string>App Icon</string>
			<key>sourceTree</key>
			<string>&lt;group&gt;</string>
		</dict>
		<key>E82EF78715E4A23400FA7E78</key>
		<dict>
			<key>isa</key>
			<string>PBXFileReference</string>
			<key>lastKnownFileType</key>
			<string>image.png</string>
			<key>path</key>
			<string>Icon-72.png</string>
			<key>sourceTree</key>
			<string>&lt;group&gt;</string>
		</dict>
		<key>E82EF78815E4A23400FA7E78</key>
		<dict>
			<key>isa</key>
			<string>PBXFileReference</string>
			<key>lastKnownFileType</key>
			<string>image.png</string>
			<key>path</key>
			<string>Icon-72@2x.png</string>
			<key>sourceTree</key>
			<string>&lt;group&gt;</string>
		</dict>
		<key>E82EF78915E4A23400FA7E78</key>
		<dict>
			<key>isa</key>
			<string>PBXFileReference</string>
			<key>lastKnownFileType</key>
			<string>image.png</string>
			<key>path</key>
			<string>Icon-Small-50.png</string>
			<key>sourceTree</key>
			<string>&lt;group&gt;</string>
		</dict>
		<key>E82EF78A15E4A23400FA7E78</key>
		<dict>
			<key>isa</key>
			<string>PBXFileReference</string>
			<key>lastKnownFileType</key>
			<string>image.png</string>
			<key>path</key>
			<string>Icon-Small-50@2x.png</string>
			<key>sourceTree</key>
			<string>&lt;group&gt;</string>
		</dict>
		<key>E82EF78B15E4A23400FA7E78</key>
		<dict>
			<key>isa</key>
			<string>PBXFileReference</string>
			<key>lastKnownFileType</key>
			<string>image.png</string>
			<key>path</key>
			<string>Icon-Small.png</string>
			<key>sourceTree</key>
			<string>&lt;group&gt;</string>
		</dict>
		<key>E82EF78C15E4A23400FA7E78</key>
		<dict>
			<key>isa</key>
			<string>PBXFileReference</string>
			<key>lastKnownFileType</key>
			<string>image.png</string>
			<key>path</key>
			<string>Icon-Small@2x.png</string>
			<key>sourceTree</key>
			<string>&lt;group&gt;</string>
		</dict>
		<key>E82EF78D15E4A23400FA7E78</key>
		<dict>
			<key>isa</key>
			<string>PBXFileReference</string>
			<key>lastKnownFileType</key>
			<string>image.png</string>
			<key>path</key>
			<string>Icon.png</string>
			<key>sourceTree</key>
			<string>&lt;group&gt;</string>
		</dict>
		<key>E82EF78E15E4A23400FA7E78</key>
		<dict>
			<key>isa</key>
			<string>PBXFileReference</string>
			<key>lastKnownFileType</key>
			<string>image.png</string>
			<key>path</key>
			<string>Icon@2x.png</string>
			<key>sourceTree</key>
			<string>&lt;group&gt;</string>
		</dict>
		<key>E82EF78F15E4A23400FA7E78</key>
		<dict>
			<key>isa</key>
			<string>PBXFileReference</string>
			<key>lastKnownFileType</key>
			<string>image.png</string>
			<key>path</key>
			<string>iTunesArtwork.png</string>
			<key>sourceTree</key>
			<string>&lt;group&gt;</string>
		</dict>
		<key>E82EF79015E4A23400FA7E78</key>
		<dict>
			<key>isa</key>
			<string>PBXFileReference</string>
			<key>lastKnownFileType</key>
			<string>image.png</string>
			<key>path</key>
			<string>iTunesArtwork@2x.png</string>
			<key>sourceTree</key>
			<string>&lt;group&gt;</string>
		</dict>
		<key>E82EF79115E4A23400FA7E78</key>
		<dict>
			<key>fileRef</key>
			<string>E82EF78715E4A23400FA7E78</string>
			<key>isa</key>
			<string>PBXBuildFile</string>
		</dict>
		<key>E82EF79215E4A23400FA7E78</key>
		<dict>
			<key>fileRef</key>
			<string>E82EF78815E4A23400FA7E78</string>
			<key>isa</key>
			<string>PBXBuildFile</string>
		</dict>
		<key>E82EF79315E4A23400FA7E78</key>
		<dict>
			<key>fileRef</key>
			<string>E82EF78915E4A23400FA7E78</string>
			<key>isa</key>
			<string>PBXBuildFile</string>
		</dict>
		<key>E82EF79415E4A23400FA7E78</key>
		<dict>
			<key>fileRef</key>
			<string>E82EF78A15E4A23400FA7E78</string>
			<key>isa</key>
			<string>PBXBuildFile</string>
		</dict>
		<key>E82EF79515E4A23400FA7E78</key>
		<dict>
			<key>fileRef</key>
			<string>E82EF78B15E4A23400FA7E78</string>
			<key>isa</key>
			<string>PBXBuildFile</string>
		</dict>
		<key>E82EF79615E4A23400FA7E78</key>
		<dict>
			<key>fileRef</key>
			<string>E82EF78C15E4A23400FA7E78</string>
			<key>isa</key>
			<string>PBXBuildFile</string>
		</dict>
		<key>E82EF79715E4A23400FA7E78</key>
		<dict>
			<key>fileRef</key>
			<string>E82EF78D15E4A23400FA7E78</string>
			<key>isa</key>
			<string>PBXBuildFile</string>
		</dict>
		<key>E82EF79815E4A23400FA7E78</key>
		<dict>
			<key>fileRef</key>
			<string>E82EF78E15E4A23400FA7E78</string>
			<key>isa</key>
			<string>PBXBuildFile</string>
		</dict>
		<key>E82EF79915E4A23400FA7E78</key>
		<dict>
			<key>fileRef</key>
			<string>E82EF78F15E4A23400FA7E78</string>
			<key>isa</key>
			<string>PBXBuildFile</string>
		</dict>
		<key>E82EF79A15E4A23400FA7E78</key>
		<dict>
			<key>fileRef</key>
			<string>E82EF79015E4A23400FA7E78</string>
			<key>isa</key>
			<string>PBXBuildFile</string>
		</dict>
		<key>E865EE9B15E48B920063007F</key>
		<dict>
			<key>children</key>
			<array>
				<string>E82EF78615E4A23400FA7E78</string>
				<string>E865EE9C15E48B920063007F</string>
				<string>E865EEAB15E48B920063007F</string>
			</array>
			<key>isa</key>
			<string>PBXGroup</string>
			<key>name</key>
			<string>images</string>
			<key>path</key>
			<string>elements</string>
			<key>sourceTree</key>
			<string>&lt;group&gt;</string>
		</dict>
		<key>E865EE9C15E48B920063007F</key>
		<dict>
			<key>children</key>
			<array>
				<string>E865EE9D15E48B920063007F</string>
				<string>E865EE9E15E48B920063007F</string>
				<string>E865EE9F15E48B920063007F</string>
				<string>E865EEA015E48B920063007F</string>
				<string>E865EEA115E48B920063007F</string>
				<string>E865EEA215E48B920063007F</string>
				<string>E865EEA315E48B920063007F</string>
				<string>E865EEA415E48B920063007F</string>
				<string>E865EEA515E48B920063007F</string>
				<string>E865EEA615E48B920063007F</string>
				<string>E865EEA715E48B920063007F</string>
				<string>E865EEA815E48B920063007F</string>
				<string>E865EEA915E48B920063007F</string>
				<string>E865EEAA15E48B920063007F</string>
			</array>
			<key>isa</key>
			<string>PBXGroup</string>
			<key>path</key>
			<string>elements@1x</string>
			<key>sourceTree</key>
			<string>&lt;group&gt;</string>
		</dict>
		<key>E865EE9D15E48B920063007F</key>
		<dict>
			<key>isa</key>
			<string>PBXFileReference</string>
			<key>lastKnownFileType</key>
			<string>image.png</string>
			<key>path</key>
			<string>favourites.png</string>
			<key>sourceTree</key>
			<string>&lt;group&gt;</string>
		</dict>
		<key>E865EE9E15E48B920063007F</key>
		<dict>
			<key>isa</key>
			<string>PBXFileReference</string>
			<key>lastKnownFileType</key>
			<string>image.png</string>
			<key>path</key>
			<string>home.png</string>
			<key>sourceTree</key>
			<string>&lt;group&gt;</string>
		</dict>
		<key>E865EE9F15E48B920063007F</key>
		<dict>
			<key>isa</key>
			<string>PBXFileReference</string>
			<key>lastKnownFileType</key>
			<string>image.png</string>
			<key>path</key>
			<string>map.png</string>
			<key>sourceTree</key>
			<string>&lt;group&gt;</string>
		</dict>
		<key>E865EEA015E48B920063007F</key>
		<dict>
			<key>isa</key>
			<string>PBXFileReference</string>
			<key>lastKnownFileType</key>
			<string>image.png</string>
			<key>path</key>
			<string>my_profile.png</string>
			<key>sourceTree</key>
			<string>&lt;group&gt;</string>
		</dict>
		<key>E865EEA115E48B920063007F</key>
		<dict>
			<key>isa</key>
			<string>PBXFileReference</string>
			<key>lastKnownFileType</key>
			<string>image.png</string>
			<key>path</key>
			<string>my_profile_edit.png</string>
			<key>sourceTree</key>
			<string>&lt;group&gt;</string>
		</dict>
		<key>E865EEA215E48B920063007F</key>
		<dict>
			<key>isa</key>
			<string>PBXFileReference</string>
			<key>lastKnownFileType</key>
			<string>image.png</string>
			<key>path</key>
			<string>my_profile_edit2.png</string>
			<key>sourceTree</key>
			<string>&lt;group&gt;</string>
		</dict>
		<key>E865EEA315E48B920063007F</key>
		<dict>
			<key>isa</key>
			<string>PBXFileReference</string>
			<key>lastKnownFileType</key>
			<string>image.png</string>
			<key>path</key>
			<string>playground.png</string>
			<key>sourceTree</key>
			<string>&lt;group&gt;</string>
		</dict>
		<key>E865EEA415E48B920063007F</key>
		<dict>
			<key>isa</key>
			<string>PBXFileReference</string>
			<key>lastKnownFileType</key>
			<string>image.png</string>
			<key>path</key>
			<string>profile.png</string>
			<key>sourceTree</key>
			<string>&lt;group&gt;</string>
		</dict>
		<key>E865EEA515E48B920063007F</key>
		<dict>
			<key>isa</key>
			<string>PBXFileReference</string>
			<key>lastKnownFileType</key>
			<string>image.png</string>
			<key>path</key>
			<string>session.png</string>
			<key>sourceTree</key>
			<string>&lt;group&gt;</string>
		</dict>
		<key>E865EEA615E48B920063007F</key>
		<dict>
			<key>isa</key>
			<string>PBXFileReference</string>
			<key>lastKnownFileType</key>
			<string>image.png</string>
			<key>path</key>
			<string>session2.png</string>
			<key>sourceTree</key>
			<string>&lt;group&gt;</string>
		</dict>
		<key>E865EEA715E48B920063007F</key>
		<dict>
			<key>isa</key>
			<string>PBXFileReference</string>
			<key>lastKnownFileType</key>
			<string>image.png</string>
			<key>path</key>
			<string>session_chat.png</string>
			<key>sourceTree</key>
			<string>&lt;group&gt;</string>
		</dict>
		<key>E865EEA815E48B920063007F</key>
		<dict>
			<key>isa</key>
			<string>PBXFileReference</string>
			<key>lastKnownFileType</key>
			<string>image.png</string>
			<key>path</key>
			<string>sessions.png</string>
			<key>sourceTree</key>
			<string>&lt;group&gt;</string>
		</dict>
		<key>E865EEA915E48B920063007F</key>
		<dict>
			<key>isa</key>
			<string>PBXFileReference</string>
			<key>lastKnownFileType</key>
			<string>image.png</string>
			<key>path</key>
			<string>speaker.png</string>
			<key>sourceTree</key>
			<string>&lt;group&gt;</string>
		</dict>
		<key>E865EEAA15E48B920063007F</key>
		<dict>
			<key>isa</key>
			<string>PBXFileReference</string>
			<key>lastKnownFileType</key>
			<string>image.png</string>
			<key>path</key>
			<string>speakers.png</string>
			<key>sourceTree</key>
			<string>&lt;group&gt;</string>
		</dict>
		<key>E865EEAB15E48B920063007F</key>
		<dict>
			<key>children</key>
			<array>
				<string>E865EEAC15E48B920063007F</string>
				<string>E865EEAD15E48B920063007F</string>
				<string>E865EEAE15E48B920063007F</string>
				<string>E865EEAF15E48B920063007F</string>
				<string>E865EEB015E48B920063007F</string>
				<string>E865EEB115E48B920063007F</string>
				<string>E865EEB215E48B920063007F</string>
				<string>E865EEB315E48B920063007F</string>
				<string>E865EEB415E48B920063007F</string>
				<string>E865EEB515E48B920063007F</string>
				<string>E865EEB615E48B920063007F</string>
				<string>E865EEB715E48B920063007F</string>
				<string>E865EEB815E48B920063007F</string>
				<string>E865EEB915E48B920063007F</string>
			</array>
			<key>isa</key>
			<string>PBXGroup</string>
			<key>path</key>
			<string>elements@2x</string>
			<key>sourceTree</key>
			<string>&lt;group&gt;</string>
		</dict>
		<key>E865EEAC15E48B920063007F</key>
		<dict>
			<key>isa</key>
			<string>PBXFileReference</string>
			<key>lastKnownFileType</key>
			<string>image.png</string>
			<key>path</key>
			<string>favourites@2x.png</string>
			<key>sourceTree</key>
			<string>&lt;group&gt;</string>
		</dict>
		<key>E865EEAD15E48B920063007F</key>
		<dict>
			<key>isa</key>
			<string>PBXFileReference</string>
			<key>lastKnownFileType</key>
			<string>image.png</string>
			<key>path</key>
			<string>home@2x.png</string>
			<key>sourceTree</key>
			<string>&lt;group&gt;</string>
		</dict>
		<key>E865EEAE15E48B920063007F</key>
		<dict>
			<key>isa</key>
			<string>PBXFileReference</string>
			<key>lastKnownFileType</key>
			<string>image.png</string>
			<key>path</key>
			<string>map@2x.png</string>
			<key>sourceTree</key>
			<string>&lt;group&gt;</string>
		</dict>
		<key>E865EEAF15E48B920063007F</key>
		<dict>
			<key>isa</key>
			<string>PBXFileReference</string>
			<key>lastKnownFileType</key>
			<string>image.png</string>
			<key>path</key>
			<string>my_profile@2x.png</string>
			<key>sourceTree</key>
			<string>&lt;group&gt;</string>
		</dict>
		<key>E865EEB015E48B920063007F</key>
		<dict>
			<key>isa</key>
			<string>PBXFileReference</string>
			<key>lastKnownFileType</key>
			<string>image.png</string>
			<key>path</key>
			<string>my_profile_edit2@2x.png</string>
			<key>sourceTree</key>
			<string>&lt;group&gt;</string>
		</dict>
		<key>E865EEB115E48B920063007F</key>
		<dict>
			<key>isa</key>
			<string>PBXFileReference</string>
			<key>lastKnownFileType</key>
			<string>image.png</string>
			<key>path</key>
			<string>my_profile_edit@2x.png</string>
			<key>sourceTree</key>
			<string>&lt;group&gt;</string>
		</dict>
		<key>E865EEB215E48B920063007F</key>
		<dict>
			<key>isa</key>
			<string>PBXFileReference</string>
			<key>lastKnownFileType</key>
			<string>image.png</string>
			<key>path</key>
			<string>playground@2x.png</string>
			<key>sourceTree</key>
			<string>&lt;group&gt;</string>
		</dict>
		<key>E865EEB315E48B920063007F</key>
		<dict>
			<key>isa</key>
			<string>PBXFileReference</string>
			<key>lastKnownFileType</key>
			<string>image.png</string>
			<key>path</key>
			<string>profile@2x.png</string>
			<key>sourceTree</key>
			<string>&lt;group&gt;</string>
		</dict>
		<key>E865EEB415E48B920063007F</key>
		<dict>
			<key>isa</key>
			<string>PBXFileReference</string>
			<key>lastKnownFileType</key>
			<string>image.png</string>
			<key>path</key>
			<string>session2@2x.png</string>
			<key>sourceTree</key>
			<string>&lt;group&gt;</string>
		</dict>
		<key>E865EEB515E48B920063007F</key>
		<dict>
			<key>isa</key>
			<string>PBXFileReference</string>
			<key>lastKnownFileType</key>
			<string>image.png</string>
			<key>path</key>
			<string>session@2x.png</string>
			<key>sourceTree</key>
			<string>&lt;group&gt;</string>
		</dict>
		<key>E865EEB615E48B920063007F</key>
		<dict>
			<key>isa</key>
			<string>PBXFileReference</string>
			<key>lastKnownFileType</key>
			<string>image.png</string>
			<key>path</key>
			<string>session_chat@2x.png</string>
			<key>sourceTree</key>
			<string>&lt;group&gt;</string>
		</dict>
		<key>E865EEB715E48B920063007F</key>
		<dict>
			<key>isa</key>
			<string>PBXFileReference</string>
			<key>lastKnownFileType</key>
			<string>image.png</string>
			<key>path</key>
			<string>sessions@2x.png</string>
			<key>sourceTree</key>
			<string>&lt;group&gt;</string>
		</dict>
		<key>E865EEB815E48B920063007F</key>
		<dict>
			<key>isa</key>
			<string>PBXFileReference</string>
			<key>lastKnownFileType</key>
			<string>image.png</string>
			<key>path</key>
			<string>speaker@2x.png</string>
			<key>sourceTree</key>
			<string>&lt;group&gt;</string>
		</dict>
		<key>E865EEB915E48B920063007F</key>
		<dict>
			<key>isa</key>
			<string>PBXFileReference</string>
			<key>lastKnownFileType</key>
			<string>image.png</string>
			<key>path</key>
			<string>speakers@2x.png</string>
			<key>sourceTree</key>
			<string>&lt;group&gt;</string>
		</dict>
		<key>E865EEBA15E48B920063007F</key>
		<dict>
			<key>fileRef</key>
			<string>E865EE9D15E48B920063007F</string>
			<key>isa</key>
			<string>PBXBuildFile</string>
		</dict>
		<key>E865EEBB15E48B920063007F</key>
		<dict>
			<key>fileRef</key>
			<string>E865EE9E15E48B920063007F</string>
			<key>isa</key>
			<string>PBXBuildFile</string>
		</dict>
		<key>E865EEBC15E48B920063007F</key>
		<dict>
			<key>fileRef</key>
			<string>E865EE9F15E48B920063007F</string>
			<key>isa</key>
			<string>PBXBuildFile</string>
		</dict>
		<key>E865EEBD15E48B920063007F</key>
		<dict>
			<key>fileRef</key>
			<string>E865EEA015E48B920063007F</string>
			<key>isa</key>
			<string>PBXBuildFile</string>
		</dict>
		<key>E865EEBE15E48B920063007F</key>
		<dict>
			<key>fileRef</key>
			<string>E865EEA115E48B920063007F</string>
			<key>isa</key>
			<string>PBXBuildFile</string>
		</dict>
		<key>E865EEBF15E48B920063007F</key>
		<dict>
			<key>fileRef</key>
			<string>E865EEA215E48B920063007F</string>
			<key>isa</key>
			<string>PBXBuildFile</string>
		</dict>
		<key>E865EEC015E48B920063007F</key>
		<dict>
			<key>fileRef</key>
			<string>E865EEA315E48B920063007F</string>
			<key>isa</key>
			<string>PBXBuildFile</string>
		</dict>
		<key>E865EEC115E48B920063007F</key>
		<dict>
			<key>fileRef</key>
			<string>E865EEA415E48B920063007F</string>
			<key>isa</key>
			<string>PBXBuildFile</string>
		</dict>
		<key>E865EEC215E48B920063007F</key>
		<dict>
			<key>fileRef</key>
			<string>E865EEA515E48B920063007F</string>
			<key>isa</key>
			<string>PBXBuildFile</string>
		</dict>
		<key>E865EEC315E48B920063007F</key>
		<dict>
			<key>fileRef</key>
			<string>E865EEA615E48B920063007F</string>
			<key>isa</key>
			<string>PBXBuildFile</string>
		</dict>
		<key>E865EEC415E48B920063007F</key>
		<dict>
			<key>fileRef</key>
			<string>E865EEA715E48B920063007F</string>
			<key>isa</key>
			<string>PBXBuildFile</string>
		</dict>
		<key>E865EEC515E48B920063007F</key>
		<dict>
			<key>fileRef</key>
			<string>E865EEA815E48B920063007F</string>
			<key>isa</key>
			<string>PBXBuildFile</string>
		</dict>
		<key>E865EEC615E48B920063007F</key>
		<dict>
			<key>fileRef</key>
			<string>E865EEA915E48B920063007F</string>
			<key>isa</key>
			<string>PBXBuildFile</string>
		</dict>
		<key>E865EEC715E48B920063007F</key>
		<dict>
			<key>fileRef</key>
			<string>E865EEAA15E48B920063007F</string>
			<key>isa</key>
			<string>PBXBuildFile</string>
		</dict>
		<key>E865EEC815E48B920063007F</key>
		<dict>
			<key>fileRef</key>
			<string>E865EEAC15E48B920063007F</string>
			<key>isa</key>
			<string>PBXBuildFile</string>
		</dict>
		<key>E865EEC915E48B920063007F</key>
		<dict>
			<key>fileRef</key>
			<string>E865EEAD15E48B920063007F</string>
			<key>isa</key>
			<string>PBXBuildFile</string>
		</dict>
		<key>E865EECA15E48B920063007F</key>
		<dict>
			<key>fileRef</key>
			<string>E865EEAE15E48B920063007F</string>
			<key>isa</key>
			<string>PBXBuildFile</string>
		</dict>
		<key>E865EECB15E48B920063007F</key>
		<dict>
			<key>fileRef</key>
			<string>E865EEAF15E48B920063007F</string>
			<key>isa</key>
			<string>PBXBuildFile</string>
		</dict>
		<key>E865EECC15E48B920063007F</key>
		<dict>
			<key>fileRef</key>
			<string>E865EEB015E48B920063007F</string>
			<key>isa</key>
			<string>PBXBuildFile</string>
		</dict>
		<key>E865EECD15E48B920063007F</key>
		<dict>
			<key>fileRef</key>
			<string>E865EEB115E48B920063007F</string>
			<key>isa</key>
			<string>PBXBuildFile</string>
		</dict>
		<key>E865EECE15E48B920063007F</key>
		<dict>
			<key>fileRef</key>
			<string>E865EEB215E48B920063007F</string>
			<key>isa</key>
			<string>PBXBuildFile</string>
		</dict>
		<key>E865EECF15E48B920063007F</key>
		<dict>
			<key>fileRef</key>
			<string>E865EEB315E48B920063007F</string>
			<key>isa</key>
			<string>PBXBuildFile</string>
		</dict>
		<key>E865EED015E48B920063007F</key>
		<dict>
			<key>fileRef</key>
			<string>E865EEB415E48B920063007F</string>
			<key>isa</key>
			<string>PBXBuildFile</string>
		</dict>
		<key>E865EED115E48B920063007F</key>
		<dict>
			<key>fileRef</key>
			<string>E865EEB515E48B920063007F</string>
			<key>isa</key>
			<string>PBXBuildFile</string>
		</dict>
		<key>E865EED215E48B920063007F</key>
		<dict>
			<key>fileRef</key>
			<string>E865EEB615E48B920063007F</string>
			<key>isa</key>
			<string>PBXBuildFile</string>
		</dict>
		<key>E865EED315E48B920063007F</key>
		<dict>
			<key>fileRef</key>
			<string>E865EEB715E48B920063007F</string>
			<key>isa</key>
			<string>PBXBuildFile</string>
		</dict>
		<key>E865EED415E48B920063007F</key>
		<dict>
			<key>fileRef</key>
			<string>E865EEB815E48B920063007F</string>
			<key>isa</key>
			<string>PBXBuildFile</string>
		</dict>
		<key>E865EED515E48B920063007F</key>
		<dict>
			<key>fileRef</key>
			<string>E865EEB915E48B920063007F</string>
			<key>isa</key>
			<string>PBXBuildFile</string>
		</dict>
		<key>E865EED715E48D0B0063007F</key>
		<dict>
			<key>children</key>
			<array>
				<string>E8A4FFCB15E4377F00D10907</string>
				<string>E8A4FFCC15E4377F00D10907</string>
				<string>E8A4FFCE15E4377F00D10907</string>
			</array>
			<key>isa</key>
			<string>PBXGroup</string>
			<key>name</key>
			<string>SOHomeViewController</string>
			<key>sourceTree</key>
			<string>&lt;group&gt;</string>
		</dict>
		<key>E865EED815E48D610063007F</key>
		<dict>
			<key>children</key>
			<array>
				<string>E865EED715E48D0B0063007F</string>
				<string>E865EEDB15E491DA0063007F</string>
				<string>E865EEDE15E491FB0063007F</string>
				<string>E865EEDC15E491EB0063007F</string>
				<string>E865EEDD15E491F40063007F</string>
				<string>E865EEE115E4921F0063007F</string>
				<string>E865EEE215E4926E0063007F</string>
				<string>E865EEDF15E492040063007F</string>
				<string>E865EEE015E492130063007F</string>
				<string>E865EED915E48D730063007F</string>
			</array>
			<key>isa</key>
			<string>PBXGroup</string>
			<key>name</key>
			<string>View Controllers</string>
			<key>sourceTree</key>
			<string>&lt;group&gt;</string>
		</dict>
		<key>E865EED915E48D730063007F</key>
		<dict>
			<key>children</key>
			<array>
				<string>E865EF0B15E4930E0063007F</string>
				<string>E865EF0C15E4930E0063007F</string>
				<string>E865EF0D15E4930E0063007F</string>
			</array>
			<key>isa</key>
			<string>PBXGroup</string>
			<key>name</key>
			<string>SOPlaygroundViewController</string>
			<key>sourceTree</key>
			<string>&lt;group&gt;</string>
		</dict>
		<key>E865EEDB15E491DA0063007F</key>
		<dict>
			<key>children</key>
			<array>
				<string>E865EEE815E492D70063007F</string>
				<string>E865EEE915E492D70063007F</string>
				<string>E865EEEA15E492D70063007F</string>
			</array>
			<key>isa</key>
			<string>PBXGroup</string>
			<key>name</key>
			<string>SOSessionListViewController</string>
			<key>sourceTree</key>
			<string>&lt;group&gt;</string>
		</dict>
		<key>E865EEDC15E491EB0063007F</key>
		<dict>
			<key>children</key>
			<array>
				<string>E865EEED15E492E10063007F</string>
				<string>E865EEEE15E492E10063007F</string>
				<string>E865EEEF15E492E10063007F</string>
			</array>
			<key>isa</key>
			<string>PBXGroup</string>
			<key>name</key>
			<string>SOSpeakerListViewController</string>
			<key>sourceTree</key>
			<string>&lt;group&gt;</string>
		</dict>
		<key>E865EEDD15E491F40063007F</key>
		<dict>
			<key>children</key>
			<array>
				<string>E865EEF215E492E80063007F</string>
				<string>E865EEF315E492E80063007F</string>
				<string>E865EEF415E492E80063007F</string>
			</array>
			<key>isa</key>
			<string>PBXGroup</string>
			<key>name</key>
			<string>SOSpeakerViewController</string>
			<key>sourceTree</key>
			<string>&lt;group&gt;</string>
		</dict>
		<key>E865EEDE15E491FB0063007F</key>
		<dict>
			<key>children</key>
			<array>
				<string>E865EEE315E492C10063007F</string>
				<string>E865EEE415E492C10063007F</string>
				<string>E865EEE515E492C10063007F</string>
			</array>
			<key>isa</key>
			<string>PBXGroup</string>
			<key>name</key>
			<string>SOSessionViewController</string>
			<key>sourceTree</key>
			<string>&lt;group&gt;</string>
		</dict>
		<key>E865EEDF15E492040063007F</key>
		<dict>
			<key>children</key>
			<array>
				<string>E865EF0115E492FF0063007F</string>
				<string>E865EF0215E492FF0063007F</string>
				<string>E865EF0315E492FF0063007F</string>
			</array>
			<key>isa</key>
			<string>PBXGroup</string>
			<key>name</key>
			<string>SOChatViewController</string>
			<key>sourceTree</key>
			<string>&lt;group&gt;</string>
		</dict>
		<key>E865EEE015E492130063007F</key>
		<dict>
			<key>children</key>
			<array>
				<string>E865EF0615E493070063007F</string>
				<string>E865EF0715E493070063007F</string>
				<string>E865EF0815E493070063007F</string>
			</array>
			<key>isa</key>
			<string>PBXGroup</string>
			<key>name</key>
			<string>SOMapViewController</string>
			<key>sourceTree</key>
			<string>&lt;group&gt;</string>
		</dict>
		<key>E865EEE115E4921F0063007F</key>
		<dict>
			<key>children</key>
			<array>
				<string>E865EEF715E492F10063007F</string>
				<string>E865EEF815E492F10063007F</string>
				<string>E865EEF915E492F10063007F</string>
			</array>
			<key>isa</key>
			<string>PBXGroup</string>
			<key>name</key>
			<string>SOFavoritesViewController</string>
			<key>sourceTree</key>
			<string>&lt;group&gt;</string>
		</dict>
		<key>E865EEE215E4926E0063007F</key>
		<dict>
			<key>children</key>
			<array>
				<string>E865EEFC15E492F70063007F</string>
				<string>E865EEFD15E492F70063007F</string>
				<string>E865EEFE15E492F70063007F</string>
			</array>
			<key>isa</key>
			<string>PBXGroup</string>
			<key>name</key>
			<string>SOProfileViewController</string>
			<key>sourceTree</key>
			<string>&lt;group&gt;</string>
		</dict>
		<key>E865EEE315E492C10063007F</key>
		<dict>
			<key>fileEncoding</key>
			<string>4</string>
			<key>isa</key>
			<string>PBXFileReference</string>
			<key>lastKnownFileType</key>
			<string>sourcecode.c.h</string>
			<key>path</key>
			<string>SOSessionViewController.h</string>
			<key>sourceTree</key>
			<string>&lt;group&gt;</string>
		</dict>
		<key>E865EEE415E492C10063007F</key>
		<dict>
			<key>fileEncoding</key>
			<string>4</string>
			<key>isa</key>
			<string>PBXFileReference</string>
			<key>lastKnownFileType</key>
			<string>sourcecode.c.objc</string>
			<key>path</key>
			<string>SOSessionViewController.m</string>
			<key>sourceTree</key>
			<string>&lt;group&gt;</string>
		</dict>
		<key>E865EEE515E492C10063007F</key>
		<dict>
			<key>fileEncoding</key>
			<string>4</string>
			<key>isa</key>
			<string>PBXFileReference</string>
			<key>lastKnownFileType</key>
			<string>file.xib</string>
			<key>path</key>
			<string>SOSessionViewController.xib</string>
			<key>sourceTree</key>
			<string>&lt;group&gt;</string>
		</dict>
		<key>E865EEE615E492C10063007F</key>
		<dict>
			<key>fileRef</key>
			<string>E865EEE415E492C10063007F</string>
			<key>isa</key>
			<string>PBXBuildFile</string>
		</dict>
		<key>E865EEE715E492C10063007F</key>
		<dict>
			<key>fileRef</key>
			<string>E865EEE515E492C10063007F</string>
			<key>isa</key>
			<string>PBXBuildFile</string>
		</dict>
		<key>E865EEE815E492D70063007F</key>
		<dict>
			<key>fileEncoding</key>
			<string>4</string>
			<key>isa</key>
			<string>PBXFileReference</string>
			<key>lastKnownFileType</key>
			<string>sourcecode.c.h</string>
			<key>path</key>
			<string>SOSessionListViewController.h</string>
			<key>sourceTree</key>
			<string>&lt;group&gt;</string>
		</dict>
		<key>E865EEE915E492D70063007F</key>
		<dict>
			<key>fileEncoding</key>
			<string>4</string>
			<key>isa</key>
			<string>PBXFileReference</string>
			<key>lastKnownFileType</key>
			<string>sourcecode.c.objc</string>
			<key>path</key>
			<string>SOSessionListViewController.m</string>
			<key>sourceTree</key>
			<string>&lt;group&gt;</string>
		</dict>
		<key>E865EEEA15E492D70063007F</key>
		<dict>
			<key>fileEncoding</key>
			<string>4</string>
			<key>isa</key>
			<string>PBXFileReference</string>
			<key>lastKnownFileType</key>
			<string>file.xib</string>
			<key>path</key>
			<string>SOSessionListViewController.xib</string>
			<key>sourceTree</key>
			<string>&lt;group&gt;</string>
		</dict>
		<key>E865EEEB15E492D70063007F</key>
		<dict>
			<key>fileRef</key>
			<string>E865EEE915E492D70063007F</string>
			<key>isa</key>
			<string>PBXBuildFile</string>
		</dict>
		<key>E865EEEC15E492D70063007F</key>
		<dict>
			<key>fileRef</key>
			<string>E865EEEA15E492D70063007F</string>
			<key>isa</key>
			<string>PBXBuildFile</string>
		</dict>
		<key>E865EEED15E492E10063007F</key>
		<dict>
			<key>fileEncoding</key>
			<string>4</string>
			<key>isa</key>
			<string>PBXFileReference</string>
			<key>lastKnownFileType</key>
			<string>sourcecode.c.h</string>
			<key>path</key>
			<string>SOSpeakerListViewController.h</string>
			<key>sourceTree</key>
			<string>&lt;group&gt;</string>
		</dict>
		<key>E865EEEE15E492E10063007F</key>
		<dict>
			<key>fileEncoding</key>
			<string>4</string>
			<key>isa</key>
			<string>PBXFileReference</string>
			<key>lastKnownFileType</key>
			<string>sourcecode.c.objc</string>
			<key>path</key>
			<string>SOSpeakerListViewController.m</string>
			<key>sourceTree</key>
			<string>&lt;group&gt;</string>
		</dict>
		<key>E865EEEF15E492E10063007F</key>
		<dict>
			<key>fileEncoding</key>
			<string>4</string>
			<key>isa</key>
			<string>PBXFileReference</string>
			<key>lastKnownFileType</key>
			<string>file.xib</string>
			<key>path</key>
			<string>SOSpeakerListViewController.xib</string>
			<key>sourceTree</key>
			<string>&lt;group&gt;</string>
		</dict>
		<key>E865EEF015E492E10063007F</key>
		<dict>
			<key>fileRef</key>
			<string>E865EEEE15E492E10063007F</string>
			<key>isa</key>
			<string>PBXBuildFile</string>
		</dict>
		<key>E865EEF115E492E10063007F</key>
		<dict>
			<key>fileRef</key>
			<string>E865EEEF15E492E10063007F</string>
			<key>isa</key>
			<string>PBXBuildFile</string>
		</dict>
		<key>E865EEF215E492E80063007F</key>
		<dict>
			<key>fileEncoding</key>
			<string>4</string>
			<key>isa</key>
			<string>PBXFileReference</string>
			<key>lastKnownFileType</key>
			<string>sourcecode.c.h</string>
			<key>path</key>
			<string>SOSpeakerViewController.h</string>
			<key>sourceTree</key>
			<string>&lt;group&gt;</string>
		</dict>
		<key>E865EEF315E492E80063007F</key>
		<dict>
			<key>fileEncoding</key>
			<string>4</string>
			<key>isa</key>
			<string>PBXFileReference</string>
			<key>lastKnownFileType</key>
			<string>sourcecode.c.objc</string>
			<key>path</key>
			<string>SOSpeakerViewController.m</string>
			<key>sourceTree</key>
			<string>&lt;group&gt;</string>
		</dict>
		<key>E865EEF415E492E80063007F</key>
		<dict>
			<key>fileEncoding</key>
			<string>4</string>
			<key>isa</key>
			<string>PBXFileReference</string>
			<key>lastKnownFileType</key>
			<string>file.xib</string>
			<key>path</key>
			<string>SOSpeakerViewController.xib</string>
			<key>sourceTree</key>
			<string>&lt;group&gt;</string>
		</dict>
		<key>E865EEF515E492E80063007F</key>
		<dict>
			<key>fileRef</key>
			<string>E865EEF315E492E80063007F</string>
			<key>isa</key>
			<string>PBXBuildFile</string>
		</dict>
		<key>E865EEF615E492E80063007F</key>
		<dict>
			<key>fileRef</key>
			<string>E865EEF415E492E80063007F</string>
			<key>isa</key>
			<string>PBXBuildFile</string>
		</dict>
		<key>E865EEF715E492F10063007F</key>
		<dict>
			<key>fileEncoding</key>
			<string>4</string>
			<key>isa</key>
			<string>PBXFileReference</string>
			<key>lastKnownFileType</key>
			<string>sourcecode.c.h</string>
			<key>path</key>
			<string>SOFavoritesViewController.h</string>
			<key>sourceTree</key>
			<string>&lt;group&gt;</string>
		</dict>
		<key>E865EEF815E492F10063007F</key>
		<dict>
			<key>fileEncoding</key>
			<string>4</string>
			<key>isa</key>
			<string>PBXFileReference</string>
			<key>lastKnownFileType</key>
			<string>sourcecode.c.objc</string>
			<key>path</key>
			<string>SOFavoritesViewController.m</string>
			<key>sourceTree</key>
			<string>&lt;group&gt;</string>
		</dict>
		<key>E865EEF915E492F10063007F</key>
		<dict>
			<key>fileEncoding</key>
			<string>4</string>
			<key>isa</key>
			<string>PBXFileReference</string>
			<key>lastKnownFileType</key>
			<string>file.xib</string>
			<key>path</key>
			<string>SOFavoritesViewController.xib</string>
			<key>sourceTree</key>
			<string>&lt;group&gt;</string>
		</dict>
		<key>E865EEFA15E492F10063007F</key>
		<dict>
			<key>fileRef</key>
			<string>E865EEF815E492F10063007F</string>
			<key>isa</key>
			<string>PBXBuildFile</string>
		</dict>
		<key>E865EEFB15E492F10063007F</key>
		<dict>
			<key>fileRef</key>
			<string>E865EEF915E492F10063007F</string>
			<key>isa</key>
			<string>PBXBuildFile</string>
		</dict>
		<key>E865EEFC15E492F70063007F</key>
		<dict>
			<key>fileEncoding</key>
			<string>4</string>
			<key>isa</key>
			<string>PBXFileReference</string>
			<key>lastKnownFileType</key>
			<string>sourcecode.c.h</string>
			<key>path</key>
			<string>SOProfileViewController.h</string>
			<key>sourceTree</key>
			<string>&lt;group&gt;</string>
		</dict>
		<key>E865EEFD15E492F70063007F</key>
		<dict>
			<key>fileEncoding</key>
			<string>4</string>
			<key>isa</key>
			<string>PBXFileReference</string>
			<key>lastKnownFileType</key>
			<string>sourcecode.c.objc</string>
			<key>path</key>
			<string>SOProfileViewController.m</string>
			<key>sourceTree</key>
			<string>&lt;group&gt;</string>
		</dict>
		<key>E865EEFE15E492F70063007F</key>
		<dict>
			<key>fileEncoding</key>
			<string>4</string>
			<key>isa</key>
			<string>PBXFileReference</string>
			<key>lastKnownFileType</key>
			<string>file.xib</string>
			<key>path</key>
			<string>SOProfileViewController.xib</string>
			<key>sourceTree</key>
			<string>&lt;group&gt;</string>
		</dict>
		<key>E865EEFF15E492F70063007F</key>
		<dict>
			<key>fileRef</key>
			<string>E865EEFD15E492F70063007F</string>
			<key>isa</key>
			<string>PBXBuildFile</string>
		</dict>
		<key>E865EF0015E492F70063007F</key>
		<dict>
			<key>fileRef</key>
			<string>E865EEFE15E492F70063007F</string>
			<key>isa</key>
			<string>PBXBuildFile</string>
		</dict>
		<key>E865EF0115E492FF0063007F</key>
		<dict>
			<key>fileEncoding</key>
			<string>4</string>
			<key>isa</key>
			<string>PBXFileReference</string>
			<key>lastKnownFileType</key>
			<string>sourcecode.c.h</string>
			<key>path</key>
			<string>SOChatViewController.h</string>
			<key>sourceTree</key>
			<string>&lt;group&gt;</string>
		</dict>
		<key>E865EF0215E492FF0063007F</key>
		<dict>
			<key>fileEncoding</key>
			<string>4</string>
			<key>isa</key>
			<string>PBXFileReference</string>
			<key>lastKnownFileType</key>
			<string>sourcecode.c.objc</string>
			<key>path</key>
			<string>SOChatViewController.m</string>
			<key>sourceTree</key>
			<string>&lt;group&gt;</string>
		</dict>
		<key>E865EF0315E492FF0063007F</key>
		<dict>
			<key>fileEncoding</key>
			<string>4</string>
			<key>isa</key>
			<string>PBXFileReference</string>
			<key>lastKnownFileType</key>
			<string>file.xib</string>
			<key>path</key>
			<string>SOChatViewController.xib</string>
			<key>sourceTree</key>
			<string>&lt;group&gt;</string>
		</dict>
		<key>E865EF0415E492FF0063007F</key>
		<dict>
			<key>fileRef</key>
			<string>E865EF0215E492FF0063007F</string>
			<key>isa</key>
			<string>PBXBuildFile</string>
		</dict>
		<key>E865EF0515E492FF0063007F</key>
		<dict>
			<key>fileRef</key>
			<string>E865EF0315E492FF0063007F</string>
			<key>isa</key>
			<string>PBXBuildFile</string>
		</dict>
		<key>E865EF0615E493070063007F</key>
		<dict>
			<key>fileEncoding</key>
			<string>4</string>
			<key>isa</key>
			<string>PBXFileReference</string>
			<key>lastKnownFileType</key>
			<string>sourcecode.c.h</string>
			<key>path</key>
			<string>SOMapViewController.h</string>
			<key>sourceTree</key>
			<string>&lt;group&gt;</string>
		</dict>
		<key>E865EF0715E493070063007F</key>
		<dict>
			<key>fileEncoding</key>
			<string>4</string>
			<key>isa</key>
			<string>PBXFileReference</string>
			<key>lastKnownFileType</key>
			<string>sourcecode.c.objc</string>
			<key>path</key>
			<string>SOMapViewController.m</string>
			<key>sourceTree</key>
			<string>&lt;group&gt;</string>
		</dict>
		<key>E865EF0815E493070063007F</key>
		<dict>
			<key>fileEncoding</key>
			<string>4</string>
			<key>isa</key>
			<string>PBXFileReference</string>
			<key>lastKnownFileType</key>
			<string>file.xib</string>
			<key>path</key>
			<string>SOMapViewController.xib</string>
			<key>sourceTree</key>
			<string>&lt;group&gt;</string>
		</dict>
		<key>E865EF0915E493070063007F</key>
		<dict>
			<key>fileRef</key>
			<string>E865EF0715E493070063007F</string>
			<key>isa</key>
			<string>PBXBuildFile</string>
		</dict>
		<key>E865EF0A15E493070063007F</key>
		<dict>
			<key>fileRef</key>
			<string>E865EF0815E493070063007F</string>
			<key>isa</key>
			<string>PBXBuildFile</string>
		</dict>
		<key>E865EF0B15E4930E0063007F</key>
		<dict>
			<key>fileEncoding</key>
			<string>4</string>
			<key>isa</key>
			<string>PBXFileReference</string>
			<key>lastKnownFileType</key>
			<string>sourcecode.c.h</string>
			<key>path</key>
			<string>SOPlaygroundViewController.h</string>
			<key>sourceTree</key>
			<string>&lt;group&gt;</string>
		</dict>
		<key>E865EF0C15E4930E0063007F</key>
		<dict>
			<key>fileEncoding</key>
			<string>4</string>
			<key>isa</key>
			<string>PBXFileReference</string>
			<key>lastKnownFileType</key>
			<string>sourcecode.c.objc</string>
			<key>path</key>
			<string>SOPlaygroundViewController.m</string>
			<key>sourceTree</key>
			<string>&lt;group&gt;</string>
		</dict>
		<key>E865EF0D15E4930E0063007F</key>
		<dict>
			<key>fileEncoding</key>
			<string>4</string>
			<key>isa</key>
			<string>PBXFileReference</string>
			<key>lastKnownFileType</key>
			<string>file.xib</string>
			<key>path</key>
			<string>SOPlaygroundViewController.xib</string>
			<key>sourceTree</key>
			<string>&lt;group&gt;</string>
		</dict>
		<key>E865EF0E15E4930E0063007F</key>
		<dict>
			<key>fileRef</key>
			<string>E865EF0C15E4930E0063007F</string>
			<key>isa</key>
			<string>PBXBuildFile</string>
		</dict>
		<key>E865EF0F15E4930E0063007F</key>
		<dict>
			<key>fileRef</key>
			<string>E865EF0D15E4930E0063007F</string>
			<key>isa</key>
			<string>PBXBuildFile</string>
		</dict>
		<key>E865EF1015E49B780063007F</key>
		<dict>
			<key>buildSettings</key>
			<dict>
				<key>ALWAYS_SEARCH_USER_PATHS</key>
				<string>NO</string>
				<key>ARCHS</key>
				<string>$(ARCHS_STANDARD_32_BIT)</string>
				<key>CLANG_CXX_LANGUAGE_STANDARD</key>
				<string>gnu++0x</string>
				<key>CLANG_ENABLE_OBJC_ARC</key>
				<string>YES</string>
				<key>CLANG_WARN__DUPLICATE_METHOD_MATCH</key>
				<string>YES</string>
				<key>CODE_SIGN_IDENTITY[sdk=iphoneos*]</key>
				<string>iPhone Developer</string>
				<key>COPY_PHASE_STRIP</key>
				<string>YES</string>
				<key>GCC_C_LANGUAGE_STANDARD</key>
				<string>gnu99</string>
				<key>GCC_VERSION</key>
				<string>com.apple.compilers.llvm.clang.1_0</string>
				<key>GCC_WARN_ABOUT_RETURN_TYPE</key>
				<string>YES</string>
				<key>GCC_WARN_UNINITIALIZED_AUTOS</key>
				<string>YES</string>
				<key>GCC_WARN_UNUSED_VARIABLE</key>
				<string>YES</string>
				<key>IPHONEOS_DEPLOYMENT_TARGET</key>
				<string>5.1</string>
				<key>OTHER_CFLAGS</key>
				<string>-DNS_BLOCK_ASSERTIONS=1</string>
				<key>SDKROOT</key>
				<string>iphoneos</string>
				<key>VALIDATE_PRODUCT</key>
				<string>YES</string>
			</dict>
			<key>isa</key>
			<string>XCBuildConfiguration</string>
			<key>name</key>
			<string>Ad Hoc</string>
		</dict>
		<key>E865EF1115E49B780063007F</key>
		<dict>
			<key>baseConfigurationReference</key>
			<string>2F4E18102E17471FBED4DC43</string>
			<key>buildSettings</key>
			<dict>
				<key>CODE_SIGN_IDENTITY</key>
				<string>iPhone Distribution: Magnetic Bear Studios Inc.</string>
				<key>CODE_SIGN_IDENTITY[sdk=iphoneos*]</key>
				<string>iPhone Distribution: Magnetic Bear Studios Inc.</string>
				<key>GCC_PRECOMPILE_PREFIX_HEADER</key>
				<string>YES</string>
				<key>GCC_PREFIX_HEADER</key>
				<string>ScalaOne/ScalaOne-Prefix.pch</string>
				<key>GCC_PREPROCESSOR_DEFINITIONS</key>
				<string>DEMO=1</string>
				<key>INFOPLIST_FILE</key>
				<string>ScalaOne/ScalaOne-Info.plist</string>
				<key>PRODUCT_NAME</key>
				<string>$(TARGET_NAME)</string>
				<key>PROVISIONING_PROFILE</key>
				<string>13204BDB-BBD4-4F91-87A0-F3C5B7E8B81E</string>
				<key>PROVISIONING_PROFILE[sdk=iphoneos*]</key>
				<string>13204BDB-BBD4-4F91-87A0-F3C5B7E8B81E</string>
				<key>WRAPPER_EXTENSION</key>
				<string>app</string>
			</dict>
			<key>isa</key>
			<string>XCBuildConfiguration</string>
			<key>name</key>
			<string>Ad Hoc</string>
		</dict>
		<key>E865EF1215E49B780063007F</key>
		<dict>
			<key>buildSettings</key>
			<dict>
				<key>BUNDLE_LOADER</key>
				<string>$(BUILT_PRODUCTS_DIR)/ScalaOne.app/ScalaOne</string>
				<key>FRAMEWORK_SEARCH_PATHS</key>
				<array>
					<string>"$(SDKROOT)/Developer/Library/Frameworks"</string>
					<string>"$(DEVELOPER_LIBRARY_DIR)/Frameworks"</string>
				</array>
				<key>GCC_PRECOMPILE_PREFIX_HEADER</key>
				<string>YES</string>
				<key>GCC_PREFIX_HEADER</key>
				<string>ScalaOne/ScalaOne-Prefix.pch</string>
				<key>INFOPLIST_FILE</key>
				<string>ScalaOneTests/ScalaOneTests-Info.plist</string>
				<key>PRODUCT_NAME</key>
				<string>$(TARGET_NAME)</string>
				<key>TEST_HOST</key>
				<string>$(BUNDLE_LOADER)</string>
				<key>WRAPPER_EXTENSION</key>
				<string>octest</string>
			</dict>
			<key>isa</key>
			<string>XCBuildConfiguration</string>
			<key>name</key>
			<string>Ad Hoc</string>
		</dict>
		<key>E8A4FFAA15E4377F00D10907</key>
		<dict>
			<key>children</key>
			<array>
				<string>E8A4FFBF15E4377F00D10907</string>
				<string>E8A4FFDD15E4377F00D10907</string>
				<string>E8A4FFB815E4377F00D10907</string>
				<string>E8A4FFB615E4377F00D10907</string>
				<string>2F4E18102E17471FBED4DC43</string>
			</array>
			<key>isa</key>
			<string>PBXGroup</string>
			<key>sourceTree</key>
			<string>&lt;group&gt;</string>
		</dict>
		<key>E8A4FFAC15E4377F00D10907</key>
		<dict>
			<key>attributes</key>
			<dict>
				<key>CLASSPREFIX</key>
				<string>SO</string>
				<key>LastUpgradeCheck</key>
				<string>0440</string>
				<key>ORGANIZATIONNAME</key>
				<string>Magnetic Bear Studios</string>
			</dict>
			<key>buildConfigurationList</key>
			<string>E8A4FFAF15E4377F00D10907</string>
			<key>compatibilityVersion</key>
			<string>Xcode 3.2</string>
			<key>developmentRegion</key>
			<string>English</string>
			<key>hasScannedForEncodings</key>
			<string>0</string>
			<key>isa</key>
			<string>PBXProject</string>
			<key>knownRegions</key>
			<array>
				<string>en</string>
			</array>
			<key>mainGroup</key>
			<string>E8A4FFAA15E4377F00D10907</string>
			<key>productRefGroup</key>
			<string>E8A4FFB615E4377F00D10907</string>
			<key>projectDirPath</key>
			<string></string>
			<key>projectRoot</key>
			<string></string>
			<key>targets</key>
			<array>
				<string>E8A4FFB415E4377F00D10907</string>
				<string>E8A4FFD515E4377F00D10907</string>
			</array>
		</dict>
		<key>E8A4FFAF15E4377F00D10907</key>
		<dict>
			<key>buildConfigurations</key>
			<array>
				<string>E8A4FFE615E4377F00D10907</string>
				<string>E8A4FFE715E4377F00D10907</string>
				<string>E865EF1015E49B780063007F</string>
			</array>
			<key>defaultConfigurationIsVisible</key>
			<string>0</string>
			<key>defaultConfigurationName</key>
			<string>Release</string>
			<key>isa</key>
			<string>XCConfigurationList</string>
		</dict>
		<key>E8A4FFB115E4377F00D10907</key>
		<dict>
			<key>buildActionMask</key>
			<string>2147483647</string>
			<key>files</key>
			<array>
				<string>E8A4FFC615E4377F00D10907</string>
				<string>E8A4FFCA15E4377F00D10907</string>
				<string>E8A4FFCD15E4377F00D10907</string>
				<string>E865EEE615E492C10063007F</string>
				<string>E865EEEB15E492D70063007F</string>
				<string>E865EEF015E492E10063007F</string>
				<string>E865EEF515E492E80063007F</string>
				<string>E865EEFA15E492F10063007F</string>
				<string>E865EEFF15E492F70063007F</string>
				<string>E865EF0415E492FF0063007F</string>
				<string>E865EF0915E493070063007F</string>
				<string>E865EF0E15E4930E0063007F</string>
			</array>
			<key>isa</key>
			<string>PBXSourcesBuildPhase</string>
			<key>runOnlyForDeploymentPostprocessing</key>
			<string>0</string>
		</dict>
		<key>E8A4FFB215E4377F00D10907</key>
		<dict>
			<key>buildActionMask</key>
			<string>2147483647</string>
			<key>files</key>
			<array>
				<string>E8A4FFBA15E4377F00D10907</string>
				<string>E8A4FFBC15E4377F00D10907</string>
				<string>E8A4FFBE15E4377F00D10907</string>
				<string>A5D05E1E51BB46D6999EDFA4</string>
			</array>
			<key>isa</key>
			<string>PBXFrameworksBuildPhase</string>
			<key>runOnlyForDeploymentPostprocessing</key>
			<string>0</string>
		</dict>
		<key>E8A4FFB315E4377F00D10907</key>
		<dict>
			<key>buildActionMask</key>
			<string>2147483647</string>
			<key>files</key>
			<array>
				<string>E8A4FFC415E4377F00D10907</string>
				<string>E8A4FFD015E4377F00D10907</string>
				<string>E865EEBA15E48B920063007F</string>
				<string>E865EEBB15E48B920063007F</string>
				<string>E865EEBC15E48B920063007F</string>
				<string>E865EEBD15E48B920063007F</string>
				<string>E865EEBE15E48B920063007F</string>
				<string>E865EEBF15E48B920063007F</string>
				<string>E865EEC015E48B920063007F</string>
				<string>E865EEC115E48B920063007F</string>
				<string>E865EEC215E48B920063007F</string>
				<string>E865EEC315E48B920063007F</string>
				<string>E865EEC415E48B920063007F</string>
				<string>E865EEC515E48B920063007F</string>
				<string>E865EEC615E48B920063007F</string>
				<string>E865EEC715E48B920063007F</string>
				<string>E865EEC815E48B920063007F</string>
				<string>E865EEC915E48B920063007F</string>
				<string>E865EECA15E48B920063007F</string>
				<string>E865EECB15E48B920063007F</string>
				<string>E865EECC15E48B920063007F</string>
				<string>E865EECD15E48B920063007F</string>
				<string>E865EECE15E48B920063007F</string>
				<string>E865EECF15E48B920063007F</string>
				<string>E865EED015E48B920063007F</string>
				<string>E865EED115E48B920063007F</string>
				<string>E865EED215E48B920063007F</string>
				<string>E865EED315E48B920063007F</string>
				<string>E865EED415E48B920063007F</string>
				<string>E865EED515E48B920063007F</string>
				<string>E865EEE715E492C10063007F</string>
				<string>E865EEEC15E492D70063007F</string>
				<string>E865EEF115E492E10063007F</string>
				<string>E865EEF615E492E80063007F</string>
				<string>E865EEFB15E492F10063007F</string>
				<string>E865EF0015E492F70063007F</string>
				<string>E865EF0515E492FF0063007F</string>
				<string>E865EF0A15E493070063007F</string>
				<string>E865EF0F15E4930E0063007F</string>
				<string>E82EF79115E4A23400FA7E78</string>
				<string>E82EF79215E4A23400FA7E78</string>
				<string>E82EF79315E4A23400FA7E78</string>
				<string>E82EF79415E4A23400FA7E78</string>
				<string>E82EF79515E4A23400FA7E78</string>
				<string>E82EF79615E4A23400FA7E78</string>
				<string>E82EF79715E4A23400FA7E78</string>
				<string>E82EF79815E4A23400FA7E78</string>
				<string>E82EF79915E4A23400FA7E78</string>
				<string>E82EF79A15E4A23400FA7E78</string>
			</array>
			<key>isa</key>
			<string>PBXResourcesBuildPhase</string>
			<key>runOnlyForDeploymentPostprocessing</key>
			<string>0</string>
		</dict>
		<key>E8A4FFB415E4377F00D10907</key>
		<dict>
			<key>buildConfigurationList</key>
			<string>E8A4FFE815E4377F00D10907</string>
			<key>buildPhases</key>
			<array>
				<string>E8A4FFB115E4377F00D10907</string>
				<string>E8A4FFB215E4377F00D10907</string>
				<string>E8A4FFB315E4377F00D10907</string>
				<string>19C21ADB1A414769BECE6958</string>
			</array>
			<key>buildRules</key>
			<array/>
			<key>dependencies</key>
			<array/>
			<key>isa</key>
			<string>PBXNativeTarget</string>
			<key>name</key>
			<string>ScalaOne</string>
			<key>productName</key>
			<string>ScalaOne</string>
			<key>productReference</key>
			<string>E8A4FFB515E4377F00D10907</string>
			<key>productType</key>
			<string>com.apple.product-type.application</string>
		</dict>
		<key>E8A4FFB515E4377F00D10907</key>
		<dict>
			<key>explicitFileType</key>
			<string>wrapper.application</string>
			<key>includeInIndex</key>
			<string>0</string>
			<key>isa</key>
			<string>PBXFileReference</string>
			<key>name</key>
			<string>ScalaOne.app</string>
			<key>path</key>
			<string>ScalaOne.app</string>
			<key>sourceTree</key>
			<string>BUILT_PRODUCTS_DIR</string>
		</dict>
		<key>E8A4FFB615E4377F00D10907</key>
		<dict>
			<key>children</key>
			<array>
				<string>E8A4FFB515E4377F00D10907</string>
				<string>E8A4FFD615E4377F00D10907</string>
			</array>
			<key>isa</key>
			<string>PBXGroup</string>
			<key>name</key>
			<string>Products</string>
			<key>sourceTree</key>
			<string>&lt;group&gt;</string>
		</dict>
		<key>E8A4FFB815E4377F00D10907</key>
		<dict>
			<key>children</key>
			<array>
				<string>E8A4FFB915E4377F00D10907</string>
				<string>E8A4FFBB15E4377F00D10907</string>
				<string>E8A4FFBD15E4377F00D10907</string>
				<string>E8A4FFD715E4377F00D10907</string>
				<string>25864A143C1F40E4BEDB06B2</string>
			</array>
			<key>isa</key>
			<string>PBXGroup</string>
			<key>name</key>
			<string>Frameworks</string>
			<key>sourceTree</key>
			<string>&lt;group&gt;</string>
		</dict>
		<key>E8A4FFB915E4377F00D10907</key>
		<dict>
			<key>includeInIndex</key>
			<string>1</string>
			<key>isa</key>
			<string>PBXFileReference</string>
			<key>lastKnownFileType</key>
			<string>wrapper.framework</string>
			<key>name</key>
			<string>UIKit.framework</string>
			<key>path</key>
			<string>System/Library/Frameworks/UIKit.framework</string>
			<key>sourceTree</key>
			<string>SDKROOT</string>
		</dict>
		<key>E8A4FFBA15E4377F00D10907</key>
		<dict>
			<key>fileRef</key>
			<string>E8A4FFB915E4377F00D10907</string>
			<key>isa</key>
			<string>PBXBuildFile</string>
		</dict>
		<key>E8A4FFBB15E4377F00D10907</key>
		<dict>
			<key>includeInIndex</key>
			<string>1</string>
			<key>isa</key>
			<string>PBXFileReference</string>
			<key>lastKnownFileType</key>
			<string>wrapper.framework</string>
			<key>name</key>
			<string>Foundation.framework</string>
			<key>path</key>
			<string>System/Library/Frameworks/Foundation.framework</string>
			<key>sourceTree</key>
			<string>SDKROOT</string>
		</dict>
		<key>E8A4FFBC15E4377F00D10907</key>
		<dict>
			<key>fileRef</key>
			<string>E8A4FFBB15E4377F00D10907</string>
			<key>isa</key>
			<string>PBXBuildFile</string>
		</dict>
		<key>E8A4FFBD15E4377F00D10907</key>
		<dict>
			<key>includeInIndex</key>
			<string>1</string>
			<key>isa</key>
			<string>PBXFileReference</string>
			<key>lastKnownFileType</key>
			<string>wrapper.framework</string>
			<key>name</key>
			<string>CoreGraphics.framework</string>
			<key>path</key>
			<string>System/Library/Frameworks/CoreGraphics.framework</string>
			<key>sourceTree</key>
			<string>SDKROOT</string>
		</dict>
		<key>E8A4FFBE15E4377F00D10907</key>
		<dict>
			<key>fileRef</key>
			<string>E8A4FFBD15E4377F00D10907</string>
			<key>isa</key>
			<string>PBXBuildFile</string>
		</dict>
		<key>E8A4FFBF15E4377F00D10907</key>
		<dict>
			<key>children</key>
			<array>
				<string>E865EE9B15E48B920063007F</string>
				<string>E8A4FFC815E4377F00D10907</string>
				<string>E8A4FFC915E4377F00D10907</string>
				<string>E865EED815E48D610063007F</string>
				<string>E8A4FFC015E4377F00D10907</string>
			</array>
			<key>isa</key>
			<string>PBXGroup</string>
			<key>path</key>
			<string>ScalaOne</string>
			<key>sourceTree</key>
			<string>&lt;group&gt;</string>
		</dict>
		<key>E8A4FFC015E4377F00D10907</key>
		<dict>
			<key>children</key>
			<array>
				<string>E8A4FFC115E4377F00D10907</string>
				<string>E8A4FFC215E4377F00D10907</string>
				<string>E8A4FFC515E4377F00D10907</string>
				<string>E8A4FFC715E4377F00D10907</string>
			</array>
			<key>isa</key>
			<string>PBXGroup</string>
			<key>name</key>
			<string>Supporting Files</string>
			<key>sourceTree</key>
			<string>&lt;group&gt;</string>
		</dict>
		<key>E8A4FFC115E4377F00D10907</key>
		<dict>
			<key>isa</key>
			<string>PBXFileReference</string>
			<key>lastKnownFileType</key>
			<string>text.plist.xml</string>
			<key>path</key>
			<string>ScalaOne-Info.plist</string>
			<key>sourceTree</key>
			<string>&lt;group&gt;</string>
		</dict>
		<key>E8A4FFC215E4377F00D10907</key>
		<dict>
			<key>children</key>
			<array>
				<string>E8A4FFC315E4377F00D10907</string>
			</array>
			<key>isa</key>
			<string>PBXVariantGroup</string>
			<key>name</key>
			<string>InfoPlist.strings</string>
			<key>sourceTree</key>
			<string>&lt;group&gt;</string>
		</dict>
		<key>E8A4FFC315E4377F00D10907</key>
		<dict>
			<key>isa</key>
			<string>PBXFileReference</string>
			<key>lastKnownFileType</key>
			<string>text.plist.strings</string>
			<key>name</key>
			<string>en</string>
			<key>path</key>
			<string>en.lproj/InfoPlist.strings</string>
			<key>sourceTree</key>
			<string>&lt;group&gt;</string>
		</dict>
		<key>E8A4FFC415E4377F00D10907</key>
		<dict>
			<key>fileRef</key>
			<string>E8A4FFC215E4377F00D10907</string>
			<key>isa</key>
			<string>PBXBuildFile</string>
		</dict>
		<key>E8A4FFC515E4377F00D10907</key>
		<dict>
			<key>isa</key>
			<string>PBXFileReference</string>
			<key>lastKnownFileType</key>
			<string>sourcecode.c.objc</string>
			<key>path</key>
			<string>main.m</string>
			<key>sourceTree</key>
			<string>&lt;group&gt;</string>
		</dict>
		<key>E8A4FFC615E4377F00D10907</key>
		<dict>
			<key>fileRef</key>
			<string>E8A4FFC515E4377F00D10907</string>
			<key>isa</key>
			<string>PBXBuildFile</string>
		</dict>
		<key>E8A4FFC715E4377F00D10907</key>
		<dict>
			<key>isa</key>
			<string>PBXFileReference</string>
			<key>lastKnownFileType</key>
			<string>sourcecode.c.h</string>
			<key>path</key>
			<string>ScalaOne-Prefix.pch</string>
			<key>sourceTree</key>
			<string>&lt;group&gt;</string>
		</dict>
		<key>E8A4FFC815E4377F00D10907</key>
		<dict>
			<key>isa</key>
			<string>PBXFileReference</string>
			<key>lastKnownFileType</key>
			<string>sourcecode.c.h</string>
			<key>path</key>
			<string>SOAppDelegate.h</string>
			<key>sourceTree</key>
			<string>&lt;group&gt;</string>
		</dict>
		<key>E8A4FFC915E4377F00D10907</key>
		<dict>
			<key>isa</key>
			<string>PBXFileReference</string>
			<key>lastKnownFileType</key>
			<string>sourcecode.c.objc</string>
			<key>path</key>
			<string>SOAppDelegate.m</string>
			<key>sourceTree</key>
			<string>&lt;group&gt;</string>
		</dict>
		<key>E8A4FFCA15E4377F00D10907</key>
		<dict>
			<key>fileRef</key>
			<string>E8A4FFC915E4377F00D10907</string>
			<key>isa</key>
			<string>PBXBuildFile</string>
		</dict>
		<key>E8A4FFCB15E4377F00D10907</key>
		<dict>
			<key>isa</key>
			<string>PBXFileReference</string>
			<key>lastKnownFileType</key>
			<string>sourcecode.c.h</string>
			<key>path</key>
			<string>SOHomeViewController.h</string>
			<key>sourceTree</key>
			<string>&lt;group&gt;</string>
		</dict>
		<key>E8A4FFCC15E4377F00D10907</key>
		<dict>
			<key>isa</key>
			<string>PBXFileReference</string>
			<key>lastKnownFileType</key>
			<string>sourcecode.c.objc</string>
			<key>path</key>
			<string>SOHomeViewController.m</string>
			<key>sourceTree</key>
			<string>&lt;group&gt;</string>
		</dict>
		<key>E8A4FFCD15E4377F00D10907</key>
		<dict>
			<key>fileRef</key>
			<string>E8A4FFCC15E4377F00D10907</string>
			<key>isa</key>
			<string>PBXBuildFile</string>
		</dict>
		<key>E8A4FFCE15E4377F00D10907</key>
		<dict>
			<key>children</key>
			<array>
				<string>E8A4FFCF15E4377F00D10907</string>
			</array>
			<key>isa</key>
			<string>PBXVariantGroup</string>
			<key>name</key>
			<string>SOHomeViewController.xib</string>
			<key>sourceTree</key>
			<string>&lt;group&gt;</string>
		</dict>
		<key>E8A4FFCF15E4377F00D10907</key>
		<dict>
			<key>isa</key>
			<string>PBXFileReference</string>
			<key>lastKnownFileType</key>
			<string>file.xib</string>
			<key>name</key>
			<string>en</string>
			<key>path</key>
			<string>en.lproj/SOHomeViewController.xib</string>
			<key>sourceTree</key>
			<string>&lt;group&gt;</string>
		</dict>
		<key>E8A4FFD015E4377F00D10907</key>
		<dict>
			<key>fileRef</key>
			<string>E8A4FFCE15E4377F00D10907</string>
			<key>isa</key>
			<string>PBXBuildFile</string>
		</dict>
		<key>E8A4FFD115E4377F00D10907</key>
		<dict>
			<key>buildActionMask</key>
			<string>2147483647</string>
			<key>files</key>
			<array>
				<string>E8A4FFE515E4377F00D10907</string>
			</array>
			<key>isa</key>
			<string>PBXSourcesBuildPhase</string>
			<key>runOnlyForDeploymentPostprocessing</key>
			<string>0</string>
		</dict>
		<key>E8A4FFD215E4377F00D10907</key>
		<dict>
			<key>buildActionMask</key>
			<string>2147483647</string>
			<key>files</key>
			<array>
				<string>E8A4FFD815E4377F00D10907</string>
				<string>E8A4FFD915E4377F00D10907</string>
				<string>E8A4FFDA15E4377F00D10907</string>
			</array>
			<key>isa</key>
			<string>PBXFrameworksBuildPhase</string>
			<key>runOnlyForDeploymentPostprocessing</key>
			<string>0</string>
		</dict>
		<key>E8A4FFD315E4377F00D10907</key>
		<dict>
			<key>buildActionMask</key>
			<string>2147483647</string>
			<key>files</key>
			<array>
				<string>E8A4FFE215E4377F00D10907</string>
			</array>
			<key>isa</key>
			<string>PBXResourcesBuildPhase</string>
			<key>runOnlyForDeploymentPostprocessing</key>
			<string>0</string>
		</dict>
		<key>E8A4FFD415E4377F00D10907</key>
		<dict>
			<key>buildActionMask</key>
			<string>2147483647</string>
			<key>files</key>
			<array/>
			<key>inputPaths</key>
			<array/>
			<key>isa</key>
			<string>PBXShellScriptBuildPhase</string>
			<key>outputPaths</key>
			<array/>
			<key>runOnlyForDeploymentPostprocessing</key>
			<string>0</string>
			<key>shellPath</key>
			<string>/bin/sh</string>
			<key>shellScript</key>
			<string># Run the unit tests in this test bundle.
"${SYSTEM_DEVELOPER_DIR}/Tools/RunUnitTests"
</string>
		</dict>
		<key>E8A4FFD515E4377F00D10907</key>
		<dict>
			<key>buildConfigurationList</key>
			<string>E8A4FFEB15E4377F00D10907</string>
			<key>buildPhases</key>
			<array>
				<string>E8A4FFD115E4377F00D10907</string>
				<string>E8A4FFD215E4377F00D10907</string>
				<string>E8A4FFD315E4377F00D10907</string>
				<string>E8A4FFD415E4377F00D10907</string>
			</array>
			<key>buildRules</key>
			<array/>
			<key>dependencies</key>
			<array>
				<string>E8A4FFDC15E4377F00D10907</string>
			</array>
			<key>isa</key>
			<string>PBXNativeTarget</string>
			<key>name</key>
			<string>ScalaOneTests</string>
			<key>productName</key>
			<string>ScalaOneTests</string>
			<key>productReference</key>
			<string>E8A4FFD615E4377F00D10907</string>
			<key>productType</key>
			<string>com.apple.product-type.bundle</string>
		</dict>
		<key>E8A4FFD615E4377F00D10907</key>
		<dict>
			<key>explicitFileType</key>
			<string>wrapper.cfbundle</string>
			<key>includeInIndex</key>
			<string>0</string>
			<key>isa</key>
			<string>PBXFileReference</string>
			<key>name</key>
			<string>ScalaOneTests.octest</string>
			<key>path</key>
			<string>ScalaOneTests.octest</string>
			<key>sourceTree</key>
			<string>BUILT_PRODUCTS_DIR</string>
		</dict>
		<key>E8A4FFD715E4377F00D10907</key>
		<dict>
			<key>isa</key>
			<string>PBXFileReference</string>
			<key>lastKnownFileType</key>
			<string>wrapper.framework</string>
			<key>name</key>
			<string>SenTestingKit.framework</string>
			<key>path</key>
			<string>Library/Frameworks/SenTestingKit.framework</string>
			<key>sourceTree</key>
			<string>DEVELOPER_DIR</string>
		</dict>
		<key>E8A4FFD815E4377F00D10907</key>
		<dict>
			<key>fileRef</key>
			<string>E8A4FFD715E4377F00D10907</string>
			<key>isa</key>
			<string>PBXBuildFile</string>
		</dict>
		<key>E8A4FFD915E4377F00D10907</key>
		<dict>
			<key>fileRef</key>
			<string>E8A4FFB915E4377F00D10907</string>
			<key>isa</key>
			<string>PBXBuildFile</string>
		</dict>
		<key>E8A4FFDA15E4377F00D10907</key>
		<dict>
			<key>fileRef</key>
			<string>E8A4FFBB15E4377F00D10907</string>
			<key>isa</key>
			<string>PBXBuildFile</string>
		</dict>
		<key>E8A4FFDB15E4377F00D10907</key>
		<dict>
			<key>containerPortal</key>
			<string>E8A4FFAC15E4377F00D10907</string>
			<key>isa</key>
			<string>PBXContainerItemProxy</string>
			<key>proxyType</key>
			<string>1</string>
			<key>remoteGlobalIDString</key>
			<string>E8A4FFB415E4377F00D10907</string>
			<key>remoteInfo</key>
			<string>ScalaOne</string>
		</dict>
		<key>E8A4FFDC15E4377F00D10907</key>
		<dict>
			<key>isa</key>
			<string>PBXTargetDependency</string>
			<key>target</key>
			<string>E8A4FFB415E4377F00D10907</string>
			<key>targetProxy</key>
			<string>E8A4FFDB15E4377F00D10907</string>
		</dict>
		<key>E8A4FFDD15E4377F00D10907</key>
		<dict>
			<key>children</key>
			<array>
				<string>E8A4FFE315E4377F00D10907</string>
				<string>E8A4FFE415E4377F00D10907</string>
				<string>E8A4FFDE15E4377F00D10907</string>
			</array>
			<key>isa</key>
			<string>PBXGroup</string>
			<key>path</key>
			<string>ScalaOneTests</string>
			<key>sourceTree</key>
			<string>&lt;group&gt;</string>
		</dict>
		<key>E8A4FFDE15E4377F00D10907</key>
		<dict>
			<key>children</key>
			<array>
				<string>E8A4FFDF15E4377F00D10907</string>
				<string>E8A4FFE015E4377F00D10907</string>
			</array>
			<key>isa</key>
			<string>PBXGroup</string>
			<key>name</key>
			<string>Supporting Files</string>
			<key>sourceTree</key>
			<string>&lt;group&gt;</string>
		</dict>
		<key>E8A4FFDF15E4377F00D10907</key>
		<dict>
			<key>isa</key>
			<string>PBXFileReference</string>
			<key>lastKnownFileType</key>
			<string>text.plist.xml</string>
			<key>path</key>
			<string>ScalaOneTests-Info.plist</string>
			<key>sourceTree</key>
			<string>&lt;group&gt;</string>
		</dict>
		<key>E8A4FFE015E4377F00D10907</key>
		<dict>
			<key>children</key>
			<array>
				<string>E8A4FFE115E4377F00D10907</string>
			</array>
			<key>isa</key>
			<string>PBXVariantGroup</string>
			<key>name</key>
			<string>InfoPlist.strings</string>
			<key>sourceTree</key>
			<string>&lt;group&gt;</string>
		</dict>
		<key>E8A4FFE115E4377F00D10907</key>
		<dict>
			<key>isa</key>
			<string>PBXFileReference</string>
			<key>lastKnownFileType</key>
			<string>text.plist.strings</string>
			<key>name</key>
			<string>en</string>
			<key>path</key>
			<string>en.lproj/InfoPlist.strings</string>
			<key>sourceTree</key>
			<string>&lt;group&gt;</string>
		</dict>
		<key>E8A4FFE215E4377F00D10907</key>
		<dict>
			<key>fileRef</key>
			<string>E8A4FFE015E4377F00D10907</string>
			<key>isa</key>
			<string>PBXBuildFile</string>
		</dict>
		<key>E8A4FFE315E4377F00D10907</key>
		<dict>
			<key>isa</key>
			<string>PBXFileReference</string>
			<key>lastKnownFileType</key>
			<string>sourcecode.c.h</string>
			<key>path</key>
			<string>ScalaOneTests.h</string>
			<key>sourceTree</key>
			<string>&lt;group&gt;</string>
		</dict>
		<key>E8A4FFE415E4377F00D10907</key>
		<dict>
			<key>isa</key>
			<string>PBXFileReference</string>
			<key>lastKnownFileType</key>
			<string>sourcecode.c.objc</string>
			<key>path</key>
			<string>ScalaOneTests.m</string>
			<key>sourceTree</key>
			<string>&lt;group&gt;</string>
		</dict>
		<key>E8A4FFE515E4377F00D10907</key>
		<dict>
			<key>fileRef</key>
			<string>E8A4FFE415E4377F00D10907</string>
			<key>isa</key>
			<string>PBXBuildFile</string>
		</dict>
		<key>E8A4FFE615E4377F00D10907</key>
		<dict>
			<key>buildSettings</key>
			<dict>
				<key>ALWAYS_SEARCH_USER_PATHS</key>
				<string>NO</string>
				<key>ARCHS</key>
				<string>$(ARCHS_STANDARD_32_BIT)</string>
				<key>CLANG_CXX_LANGUAGE_STANDARD</key>
				<string>gnu++0x</string>
				<key>CLANG_ENABLE_OBJC_ARC</key>
				<string>YES</string>
				<key>CLANG_WARN__DUPLICATE_METHOD_MATCH</key>
				<string>YES</string>
				<key>CODE_SIGN_IDENTITY[sdk=iphoneos*]</key>
				<string>iPhone Developer</string>
				<key>COPY_PHASE_STRIP</key>
				<string>NO</string>
				<key>GCC_C_LANGUAGE_STANDARD</key>
				<string>gnu99</string>
				<key>GCC_DYNAMIC_NO_PIC</key>
				<string>NO</string>
				<key>GCC_OPTIMIZATION_LEVEL</key>
				<string>0</string>
				<key>GCC_PREPROCESSOR_DEFINITIONS</key>
				<array>
					<string>DEBUG=1</string>
					<string>$(inherited)</string>
				</array>
				<key>GCC_SYMBOLS_PRIVATE_EXTERN</key>
				<string>NO</string>
				<key>GCC_VERSION</key>
				<string>com.apple.compilers.llvm.clang.1_0</string>
				<key>GCC_WARN_ABOUT_RETURN_TYPE</key>
				<string>YES</string>
				<key>GCC_WARN_UNINITIALIZED_AUTOS</key>
				<string>YES</string>
				<key>GCC_WARN_UNUSED_VARIABLE</key>
				<string>YES</string>
				<key>IPHONEOS_DEPLOYMENT_TARGET</key>
				<string>5.1</string>
				<key>SDKROOT</key>
				<string>iphoneos</string>
			</dict>
			<key>isa</key>
			<string>XCBuildConfiguration</string>
			<key>name</key>
			<string>Debug</string>
		</dict>
		<key>E8A4FFE715E4377F00D10907</key>
		<dict>
			<key>buildSettings</key>
			<dict>
				<key>ALWAYS_SEARCH_USER_PATHS</key>
				<string>NO</string>
				<key>ARCHS</key>
				<string>$(ARCHS_STANDARD_32_BIT)</string>
				<key>CLANG_CXX_LANGUAGE_STANDARD</key>
				<string>gnu++0x</string>
				<key>CLANG_ENABLE_OBJC_ARC</key>
				<string>YES</string>
				<key>CLANG_WARN__DUPLICATE_METHOD_MATCH</key>
				<string>YES</string>
				<key>CODE_SIGN_IDENTITY[sdk=iphoneos*]</key>
				<string>iPhone Developer</string>
				<key>COPY_PHASE_STRIP</key>
				<string>YES</string>
				<key>GCC_C_LANGUAGE_STANDARD</key>
				<string>gnu99</string>
				<key>GCC_VERSION</key>
				<string>com.apple.compilers.llvm.clang.1_0</string>
				<key>GCC_WARN_ABOUT_RETURN_TYPE</key>
				<string>YES</string>
				<key>GCC_WARN_UNINITIALIZED_AUTOS</key>
				<string>YES</string>
				<key>GCC_WARN_UNUSED_VARIABLE</key>
				<string>YES</string>
				<key>IPHONEOS_DEPLOYMENT_TARGET</key>
				<string>5.1</string>
				<key>OTHER_CFLAGS</key>
				<string>-DNS_BLOCK_ASSERTIONS=1</string>
				<key>SDKROOT</key>
				<string>iphoneos</string>
				<key>VALIDATE_PRODUCT</key>
				<string>YES</string>
			</dict>
			<key>isa</key>
			<string>XCBuildConfiguration</string>
			<key>name</key>
			<string>Release</string>
		</dict>
		<key>E8A4FFE815E4377F00D10907</key>
		<dict>
			<key>buildConfigurations</key>
			<array>
				<string>E8A4FFE915E4377F00D10907</string>
				<string>E8A4FFEA15E4377F00D10907</string>
				<string>E865EF1115E49B780063007F</string>
			</array>
			<key>defaultConfigurationIsVisible</key>
			<string>0</string>
			<key>defaultConfigurationName</key>
			<string>Release</string>
			<key>isa</key>
			<string>XCConfigurationList</string>
		</dict>
		<key>E8A4FFE915E4377F00D10907</key>
		<dict>
			<key>baseConfigurationReference</key>
			<string>2F4E18102E17471FBED4DC43</string>
			<key>buildSettings</key>
			<dict>
				<key>GCC_PRECOMPILE_PREFIX_HEADER</key>
				<string>YES</string>
				<key>GCC_PREFIX_HEADER</key>
				<string>ScalaOne/ScalaOne-Prefix.pch</string>
				<key>INFOPLIST_FILE</key>
				<string>ScalaOne/ScalaOne-Info.plist</string>
				<key>PRODUCT_NAME</key>
				<string>$(TARGET_NAME)</string>
				<key>WRAPPER_EXTENSION</key>
				<string>app</string>
			</dict>
			<key>isa</key>
			<string>XCBuildConfiguration</string>
			<key>name</key>
			<string>Debug</string>
		</dict>
		<key>E8A4FFEA15E4377F00D10907</key>
		<dict>
			<key>baseConfigurationReference</key>
			<string>2F4E18102E17471FBED4DC43</string>
			<key>buildSettings</key>
			<dict>
				<key>GCC_PRECOMPILE_PREFIX_HEADER</key>
				<string>YES</string>
				<key>GCC_PREFIX_HEADER</key>
				<string>ScalaOne/ScalaOne-Prefix.pch</string>
				<key>INFOPLIST_FILE</key>
				<string>ScalaOne/ScalaOne-Info.plist</string>
				<key>PRODUCT_NAME</key>
				<string>$(TARGET_NAME)</string>
				<key>WRAPPER_EXTENSION</key>
				<string>app</string>
			</dict>
			<key>isa</key>
			<string>XCBuildConfiguration</string>
			<key>name</key>
			<string>Release</string>
		</dict>
		<key>E8A4FFEB15E4377F00D10907</key>
		<dict>
			<key>buildConfigurations</key>
			<array>
				<string>E8A4FFEC15E4377F00D10907</string>
				<string>E8A4FFED15E4377F00D10907</string>
				<string>E865EF1215E49B780063007F</string>
			</array>
			<key>defaultConfigurationIsVisible</key>
			<string>0</string>
			<key>defaultConfigurationName</key>
			<string>Release</string>
			<key>isa</key>
			<string>XCConfigurationList</string>
		</dict>
		<key>E8A4FFEC15E4377F00D10907</key>
		<dict>
			<key>buildSettings</key>
			<dict>
				<key>BUNDLE_LOADER</key>
				<string>$(BUILT_PRODUCTS_DIR)/ScalaOne.app/ScalaOne</string>
				<key>FRAMEWORK_SEARCH_PATHS</key>
				<array>
					<string>"$(SDKROOT)/Developer/Library/Frameworks"</string>
					<string>"$(DEVELOPER_LIBRARY_DIR)/Frameworks"</string>
				</array>
				<key>GCC_PRECOMPILE_PREFIX_HEADER</key>
				<string>YES</string>
				<key>GCC_PREFIX_HEADER</key>
				<string>ScalaOne/ScalaOne-Prefix.pch</string>
				<key>INFOPLIST_FILE</key>
				<string>ScalaOneTests/ScalaOneTests-Info.plist</string>
				<key>PRODUCT_NAME</key>
				<string>$(TARGET_NAME)</string>
				<key>TEST_HOST</key>
				<string>$(BUNDLE_LOADER)</string>
				<key>WRAPPER_EXTENSION</key>
				<string>octest</string>
			</dict>
			<key>isa</key>
			<string>XCBuildConfiguration</string>
			<key>name</key>
			<string>Debug</string>
		</dict>
		<key>E8A4FFED15E4377F00D10907</key>
		<dict>
			<key>buildSettings</key>
			<dict>
				<key>BUNDLE_LOADER</key>
				<string>$(BUILT_PRODUCTS_DIR)/ScalaOne.app/ScalaOne</string>
				<key>FRAMEWORK_SEARCH_PATHS</key>
				<array>
					<string>"$(SDKROOT)/Developer/Library/Frameworks"</string>
					<string>"$(DEVELOPER_LIBRARY_DIR)/Frameworks"</string>
				</array>
				<key>GCC_PRECOMPILE_PREFIX_HEADER</key>
				<string>YES</string>
				<key>GCC_PREFIX_HEADER</key>
				<string>ScalaOne/ScalaOne-Prefix.pch</string>
				<key>INFOPLIST_FILE</key>
				<string>ScalaOneTests/ScalaOneTests-Info.plist</string>
				<key>PRODUCT_NAME</key>
				<string>$(TARGET_NAME)</string>
				<key>TEST_HOST</key>
				<string>$(BUNDLE_LOADER)</string>
				<key>WRAPPER_EXTENSION</key>
				<string>octest</string>
			</dict>
			<key>isa</key>
			<string>XCBuildConfiguration</string>
			<key>name</key>
			<string>Release</string>
		</dict>
	</dict>
	<key>rootObject</key>
	<string>E8A4FFAC15E4377F00D10907</string>
</dict>
</plist>
